// !$*UTF8*$!
{
	archiveVersion = 1;
	classes = {
	};
	objectVersion = 56;
	objects = {

/* Begin PBXBuildFile section */
		85CC908D2AF43FBB008410E4 /* NimbleAppApp.swift in Sources */ = {isa = PBXBuildFile; fileRef = 85CC908C2AF43FBB008410E4 /* NimbleAppApp.swift */; };
		85CC908F2AF43FBB008410E4 /* ContentView.swift in Sources */ = {isa = PBXBuildFile; fileRef = 85CC908E2AF43FBB008410E4 /* ContentView.swift */; };
		85CC90912AF43FBC008410E4 /* Assets.xcassets in Resources */ = {isa = PBXBuildFile; fileRef = 85CC90902AF43FBC008410E4 /* Assets.xcassets */; };
		85CC90942AF43FBC008410E4 /* Preview Assets.xcassets in Resources */ = {isa = PBXBuildFile; fileRef = 85CC90932AF43FBC008410E4 /* Preview Assets.xcassets */; };
		85CC90962AF43FBC008410E4 /* Persistence.swift in Sources */ = {isa = PBXBuildFile; fileRef = 85CC90952AF43FBC008410E4 /* Persistence.swift */; };
		85CC90992AF43FBC008410E4 /* NimbleApp.xcdatamodeld in Sources */ = {isa = PBXBuildFile; fileRef = 85CC90972AF43FBC008410E4 /* NimbleApp.xcdatamodeld */; };
		85CC90A32AF43FBC008410E4 /* NimbleAppTests.swift in Sources */ = {isa = PBXBuildFile; fileRef = 85CC90A22AF43FBC008410E4 /* NimbleAppTests.swift */; };
		85CC90AD2AF43FBC008410E4 /* NimbleAppUITests.swift in Sources */ = {isa = PBXBuildFile; fileRef = 85CC90AC2AF43FBC008410E4 /* NimbleAppUITests.swift */; };
		85CC90AF2AF43FBC008410E4 /* NimbleAppUITestsLaunchTests.swift in Sources */ = {isa = PBXBuildFile; fileRef = 85CC90AE2AF43FBC008410E4 /* NimbleAppUITestsLaunchTests.swift */; };
		85CC90BF2AF4434A008410E4 /* MainView.swift in Sources */ = {isa = PBXBuildFile; fileRef = 85CC90BE2AF4434A008410E4 /* MainView.swift */; };
		85CC90C22AF44435008410E4 /* Constans.swift in Sources */ = {isa = PBXBuildFile; fileRef = 85CC90C12AF44435008410E4 /* Constans.swift */; };
		85CC90C52AF44759008410E4 /* Color+Extension.swift in Sources */ = {isa = PBXBuildFile; fileRef = 85CC90C42AF44759008410E4 /* Color+Extension.swift */; };
		85CC90C72AF4494C008410E4 /* MainViewModel.swift in Sources */ = {isa = PBXBuildFile; fileRef = 85CC90C62AF4494C008410E4 /* MainViewModel.swift */; };
		85CC90CA2AF44C31008410E4 /* MainTextField.swift in Sources */ = {isa = PBXBuildFile; fileRef = 85CC90C92AF44C31008410E4 /* MainTextField.swift */; };
		85CC90CE2AF45388008410E4 /* Font+Extension.swift in Sources */ = {isa = PBXBuildFile; fileRef = 85CC90CD2AF45388008410E4 /* Font+Extension.swift */; };
		85CC90D12AF456D1008410E4 /* PrimaryButtonStyle.swift in Sources */ = {isa = PBXBuildFile; fileRef = 85CC90D02AF456D1008410E4 /* PrimaryButtonStyle.swift */; };
		85CC90DB2AF46790008410E4 /* Neuzeit S LT Std Book Heavy.otf in Resources */ = {isa = PBXBuildFile; fileRef = 85CC90DA2AF46790008410E4 /* Neuzeit S LT Std Book Heavy.otf */; };
		85CC90DD2AF468DC008410E4 /* NeuzeitSLTStd-Book.otf in Resources */ = {isa = PBXBuildFile; fileRef = 85CC90DC2AF468DC008410E4 /* NeuzeitSLTStd-Book.otf */; };
		85CC90E02AF489AA008410E4 /* WelcomeCoordinator.swift in Sources */ = {isa = PBXBuildFile; fileRef = 85CC90DF2AF489AA008410E4 /* WelcomeCoordinator.swift */; };
		85CC90E32AF49829008410E4 /* InAppNotification.swift in Sources */ = {isa = PBXBuildFile; fileRef = 85CC90E22AF49829008410E4 /* InAppNotification.swift */; };
		85CC90E52AF49844008410E4 /* CustomNotificationView.swift in Sources */ = {isa = PBXBuildFile; fileRef = 85CC90E42AF49844008410E4 /* CustomNotificationView.swift */; };
		85CC90E72AF4AB30008410E4 /* HomeView.swift in Sources */ = {isa = PBXBuildFile; fileRef = 85CC90E62AF4AB30008410E4 /* HomeView.swift */; };
		85CC90E92AF4BACE008410E4 /* HomeViewModel.swift in Sources */ = {isa = PBXBuildFile; fileRef = 85CC90E82AF4BACE008410E4 /* HomeViewModel.swift */; };
/* End PBXBuildFile section */

/* Begin PBXContainerItemProxy section */
		85CC909F2AF43FBC008410E4 /* PBXContainerItemProxy */ = {
			isa = PBXContainerItemProxy;
			containerPortal = 85CC90812AF43FBB008410E4 /* Project object */;
			proxyType = 1;
			remoteGlobalIDString = 85CC90882AF43FBB008410E4;
			remoteInfo = NimbleApp;
		};
		85CC90A92AF43FBC008410E4 /* PBXContainerItemProxy */ = {
			isa = PBXContainerItemProxy;
			containerPortal = 85CC90812AF43FBB008410E4 /* Project object */;
			proxyType = 1;
			remoteGlobalIDString = 85CC90882AF43FBB008410E4;
			remoteInfo = NimbleApp;
		};
/* End PBXContainerItemProxy section */

/* Begin PBXFileReference section */
		85CC90892AF43FBB008410E4 /* NimbleApp.app */ = {isa = PBXFileReference; explicitFileType = wrapper.application; includeInIndex = 0; path = NimbleApp.app; sourceTree = BUILT_PRODUCTS_DIR; };
		85CC908C2AF43FBB008410E4 /* NimbleAppApp.swift */ = {isa = PBXFileReference; lastKnownFileType = sourcecode.swift; path = NimbleAppApp.swift; sourceTree = "<group>"; };
		85CC908E2AF43FBB008410E4 /* ContentView.swift */ = {isa = PBXFileReference; lastKnownFileType = sourcecode.swift; path = ContentView.swift; sourceTree = "<group>"; };
		85CC90902AF43FBC008410E4 /* Assets.xcassets */ = {isa = PBXFileReference; lastKnownFileType = folder.assetcatalog; path = Assets.xcassets; sourceTree = "<group>"; };
		85CC90932AF43FBC008410E4 /* Preview Assets.xcassets */ = {isa = PBXFileReference; lastKnownFileType = folder.assetcatalog; path = "Preview Assets.xcassets"; sourceTree = "<group>"; };
		85CC90952AF43FBC008410E4 /* Persistence.swift */ = {isa = PBXFileReference; lastKnownFileType = sourcecode.swift; path = Persistence.swift; sourceTree = "<group>"; };
		85CC90982AF43FBC008410E4 /* NimbleApp.xcdatamodel */ = {isa = PBXFileReference; lastKnownFileType = wrapper.xcdatamodel; path = NimbleApp.xcdatamodel; sourceTree = "<group>"; };
		85CC909E2AF43FBC008410E4 /* NimbleAppTests.xctest */ = {isa = PBXFileReference; explicitFileType = wrapper.cfbundle; includeInIndex = 0; path = NimbleAppTests.xctest; sourceTree = BUILT_PRODUCTS_DIR; };
		85CC90A22AF43FBC008410E4 /* NimbleAppTests.swift */ = {isa = PBXFileReference; lastKnownFileType = sourcecode.swift; path = NimbleAppTests.swift; sourceTree = "<group>"; };
		85CC90A82AF43FBC008410E4 /* NimbleAppUITests.xctest */ = {isa = PBXFileReference; explicitFileType = wrapper.cfbundle; includeInIndex = 0; path = NimbleAppUITests.xctest; sourceTree = BUILT_PRODUCTS_DIR; };
		85CC90AC2AF43FBC008410E4 /* NimbleAppUITests.swift */ = {isa = PBXFileReference; lastKnownFileType = sourcecode.swift; path = NimbleAppUITests.swift; sourceTree = "<group>"; };
		85CC90AE2AF43FBC008410E4 /* NimbleAppUITestsLaunchTests.swift */ = {isa = PBXFileReference; lastKnownFileType = sourcecode.swift; path = NimbleAppUITestsLaunchTests.swift; sourceTree = "<group>"; };
		85CC90BE2AF4434A008410E4 /* MainView.swift */ = {isa = PBXFileReference; lastKnownFileType = sourcecode.swift; path = MainView.swift; sourceTree = "<group>"; };
		85CC90C12AF44435008410E4 /* Constans.swift */ = {isa = PBXFileReference; lastKnownFileType = sourcecode.swift; path = Constans.swift; sourceTree = "<group>"; };
		85CC90C42AF44759008410E4 /* Color+Extension.swift */ = {isa = PBXFileReference; lastKnownFileType = sourcecode.swift; path = "Color+Extension.swift"; sourceTree = "<group>"; };
		85CC90C62AF4494C008410E4 /* MainViewModel.swift */ = {isa = PBXFileReference; lastKnownFileType = sourcecode.swift; path = MainViewModel.swift; sourceTree = "<group>"; };
		85CC90C92AF44C31008410E4 /* MainTextField.swift */ = {isa = PBXFileReference; lastKnownFileType = sourcecode.swift; path = MainTextField.swift; sourceTree = "<group>"; };
		85CC90CD2AF45388008410E4 /* Font+Extension.swift */ = {isa = PBXFileReference; lastKnownFileType = sourcecode.swift; path = "Font+Extension.swift"; sourceTree = "<group>"; };
		85CC90D02AF456D1008410E4 /* PrimaryButtonStyle.swift */ = {isa = PBXFileReference; lastKnownFileType = sourcecode.swift; path = PrimaryButtonStyle.swift; sourceTree = "<group>"; };
		85CC90D42AF45E55008410E4 /* Info.plist */ = {isa = PBXFileReference; lastKnownFileType = text.plist; path = Info.plist; sourceTree = "<group>"; };
		85CC90DA2AF46790008410E4 /* Neuzeit S LT Std Book Heavy.otf */ = {isa = PBXFileReference; lastKnownFileType = file; path = "Neuzeit S LT Std Book Heavy.otf"; sourceTree = "<group>"; };
		85CC90DC2AF468DC008410E4 /* NeuzeitSLTStd-Book.otf */ = {isa = PBXFileReference; lastKnownFileType = file; path = "NeuzeitSLTStd-Book.otf"; sourceTree = "<group>"; };
		85CC90DF2AF489AA008410E4 /* WelcomeCoordinator.swift */ = {isa = PBXFileReference; lastKnownFileType = sourcecode.swift; path = WelcomeCoordinator.swift; sourceTree = "<group>"; };
		85CC90E22AF49829008410E4 /* InAppNotification.swift */ = {isa = PBXFileReference; lastKnownFileType = sourcecode.swift; path = InAppNotification.swift; sourceTree = "<group>"; };
		85CC90E42AF49844008410E4 /* CustomNotificationView.swift */ = {isa = PBXFileReference; lastKnownFileType = sourcecode.swift; path = CustomNotificationView.swift; sourceTree = "<group>"; };
		85CC90E62AF4AB30008410E4 /* HomeView.swift */ = {isa = PBXFileReference; lastKnownFileType = sourcecode.swift; path = HomeView.swift; sourceTree = "<group>"; };
		85CC90E82AF4BACE008410E4 /* HomeViewModel.swift */ = {isa = PBXFileReference; lastKnownFileType = sourcecode.swift; path = HomeViewModel.swift; sourceTree = "<group>"; };
/* End PBXFileReference section */

/* Begin PBXFrameworksBuildPhase section */
		85CC90862AF43FBB008410E4 /* Frameworks */ = {
			isa = PBXFrameworksBuildPhase;
			buildActionMask = 2147483647;
			files = (
			);
			runOnlyForDeploymentPostprocessing = 0;
		};
		85CC909B2AF43FBC008410E4 /* Frameworks */ = {
			isa = PBXFrameworksBuildPhase;
			buildActionMask = 2147483647;
			files = (
			);
			runOnlyForDeploymentPostprocessing = 0;
		};
		85CC90A52AF43FBC008410E4 /* Frameworks */ = {
			isa = PBXFrameworksBuildPhase;
			buildActionMask = 2147483647;
			files = (
			);
			runOnlyForDeploymentPostprocessing = 0;
		};
/* End PBXFrameworksBuildPhase section */

/* Begin PBXGroup section */
		85CC90802AF43FBB008410E4 = {
			isa = PBXGroup;
			children = (
				85CC908B2AF43FBB008410E4 /* NimbleApp */,
				85CC90A12AF43FBC008410E4 /* NimbleAppTests */,
				85CC90AB2AF43FBC008410E4 /* NimbleAppUITests */,
				85CC908A2AF43FBB008410E4 /* Products */,
			);
			sourceTree = "<group>";
		};
		85CC908A2AF43FBB008410E4 /* Products */ = {
			isa = PBXGroup;
			children = (
				85CC90892AF43FBB008410E4 /* NimbleApp.app */,
				85CC909E2AF43FBC008410E4 /* NimbleAppTests.xctest */,
				85CC90A82AF43FBC008410E4 /* NimbleAppUITests.xctest */,
			);
			name = Products;
			sourceTree = "<group>";
		};
		85CC908B2AF43FBB008410E4 /* NimbleApp */ = {
			isa = PBXGroup;
			children = (
				85CC908C2AF43FBB008410E4 /* NimbleAppApp.swift */,
				85CC908E2AF43FBB008410E4 /* ContentView.swift */,
				85CC90902AF43FBC008410E4 /* Assets.xcassets */,
				85CC90952AF43FBC008410E4 /* Persistence.swift */,
				85CC90972AF43FBC008410E4 /* NimbleApp.xcdatamodeld */,
				85CC90D42AF45E55008410E4 /* Info.plist */,
				85CC90CB2AF4530A008410E4 /* Resourses */,
				85CC90C32AF4473C008410E4 /* Extension */,
				85CC90C02AF4441E008410E4 /* Manager */,
				85CC90BD2AF441E2008410E4 /* ViewModel */,
				85CC90BC2AF441C9008410E4 /* Model */,
				85CC90BB2AF44102008410E4 /* View */,
				85CC90922AF43FBC008410E4 /* Preview Content */,
			);
			path = NimbleApp;
			sourceTree = "<group>";
		};
		85CC90922AF43FBC008410E4 /* Preview Content */ = {
			isa = PBXGroup;
			children = (
				85CC90932AF43FBC008410E4 /* Preview Assets.xcassets */,
			);
			path = "Preview Content";
			sourceTree = "<group>";
		};
		85CC90A12AF43FBC008410E4 /* NimbleAppTests */ = {
			isa = PBXGroup;
			children = (
				85CC90A22AF43FBC008410E4 /* NimbleAppTests.swift */,
			);
			path = NimbleAppTests;
			sourceTree = "<group>";
		};
		85CC90AB2AF43FBC008410E4 /* NimbleAppUITests */ = {
			isa = PBXGroup;
			children = (
				85CC90AC2AF43FBC008410E4 /* NimbleAppUITests.swift */,
				85CC90AE2AF43FBC008410E4 /* NimbleAppUITestsLaunchTests.swift */,
			);
			path = NimbleAppUITests;
			sourceTree = "<group>";
		};
		85CC90BB2AF44102008410E4 /* View */ = {
			isa = PBXGroup;
			children = (
				85CC90BE2AF4434A008410E4 /* MainView.swift */,
				85CC90DE2AF48997008410E4 /* Coordinators */,
				85CC90C82AF44C13008410E4 /* Utils */,
				85CC90E62AF4AB30008410E4 /* HomeView.swift */,
			);
			path = View;
			sourceTree = "<group>";
		};
		85CC90BC2AF441C9008410E4 /* Model */ = {
			isa = PBXGroup;
			children = (
			);
			path = Model;
			sourceTree = "<group>";
		};
		85CC90BD2AF441E2008410E4 /* ViewModel */ = {
			isa = PBXGroup;
			children = (
				85CC90C62AF4494C008410E4 /* MainViewModel.swift */,
				85CC90E82AF4BACE008410E4 /* HomeViewModel.swift */,
			);
			path = ViewModel;
			sourceTree = "<group>";
		};
		85CC90C02AF4441E008410E4 /* Manager */ = {
			isa = PBXGroup;
			children = (
				85CC90C12AF44435008410E4 /* Constans.swift */,
			);
			path = Manager;
			sourceTree = "<group>";
		};
		85CC90C32AF4473C008410E4 /* Extension */ = {
			isa = PBXGroup;
			children = (
				85CC90C42AF44759008410E4 /* Color+Extension.swift */,
				85CC90CD2AF45388008410E4 /* Font+Extension.swift */,
			);
			path = Extension;
			sourceTree = "<group>";
		};
		85CC90C82AF44C13008410E4 /* Utils */ = {
			isa = PBXGroup;
			children = (
				85CC90E12AF4981D008410E4 /* Toast */,
				85CC90CF2AF456C7008410E4 /* Buttons */,
				85CC90C92AF44C31008410E4 /* MainTextField.swift */,
			);
			path = Utils;
			sourceTree = "<group>";
		};
		85CC90CB2AF4530A008410E4 /* Resourses */ = {
			isa = PBXGroup;
			children = (
				85CC90DC2AF468DC008410E4 /* NeuzeitSLTStd-Book.otf */,
				85CC90DA2AF46790008410E4 /* Neuzeit S LT Std Book Heavy.otf */,
			);
			path = Resourses;
			sourceTree = "<group>";
		};
		85CC90CF2AF456C7008410E4 /* Buttons */ = {
			isa = PBXGroup;
			children = (
				85CC90D02AF456D1008410E4 /* PrimaryButtonStyle.swift */,
			);
			path = Buttons;
			sourceTree = "<group>";
		};
		85CC90DE2AF48997008410E4 /* Coordinators */ = {
			isa = PBXGroup;
			children = (
				85CC90DF2AF489AA008410E4 /* WelcomeCoordinator.swift */,
			);
			path = Coordinators;
			sourceTree = "<group>";
		};
		85CC90E12AF4981D008410E4 /* Toast */ = {
			isa = PBXGroup;
			children = (
				85CC90E22AF49829008410E4 /* InAppNotification.swift */,
				85CC90E42AF49844008410E4 /* CustomNotificationView.swift */,
			);
			path = Toast;
			sourceTree = "<group>";
		};
/* End PBXGroup section */

/* Begin PBXNativeTarget section */
		85CC90882AF43FBB008410E4 /* NimbleApp */ = {
			isa = PBXNativeTarget;
			buildConfigurationList = 85CC90B22AF43FBC008410E4 /* Build configuration list for PBXNativeTarget "NimbleApp" */;
			buildPhases = (
				85CC90852AF43FBB008410E4 /* Sources */,
				85CC90862AF43FBB008410E4 /* Frameworks */,
				85CC90872AF43FBB008410E4 /* Resources */,
			);
			buildRules = (
			);
			dependencies = (
			);
			name = NimbleApp;
			productName = NimbleApp;
			productReference = 85CC90892AF43FBB008410E4 /* NimbleApp.app */;
			productType = "com.apple.product-type.application";
		};
		85CC909D2AF43FBC008410E4 /* NimbleAppTests */ = {
			isa = PBXNativeTarget;
			buildConfigurationList = 85CC90B52AF43FBC008410E4 /* Build configuration list for PBXNativeTarget "NimbleAppTests" */;
			buildPhases = (
				85CC909A2AF43FBC008410E4 /* Sources */,
				85CC909B2AF43FBC008410E4 /* Frameworks */,
				85CC909C2AF43FBC008410E4 /* Resources */,
			);
			buildRules = (
			);
			dependencies = (
				85CC90A02AF43FBC008410E4 /* PBXTargetDependency */,
			);
			name = NimbleAppTests;
			productName = NimbleAppTests;
			productReference = 85CC909E2AF43FBC008410E4 /* NimbleAppTests.xctest */;
			productType = "com.apple.product-type.bundle.unit-test";
		};
		85CC90A72AF43FBC008410E4 /* NimbleAppUITests */ = {
			isa = PBXNativeTarget;
			buildConfigurationList = 85CC90B82AF43FBC008410E4 /* Build configuration list for PBXNativeTarget "NimbleAppUITests" */;
			buildPhases = (
				85CC90A42AF43FBC008410E4 /* Sources */,
				85CC90A52AF43FBC008410E4 /* Frameworks */,
				85CC90A62AF43FBC008410E4 /* Resources */,
			);
			buildRules = (
			);
			dependencies = (
				85CC90AA2AF43FBC008410E4 /* PBXTargetDependency */,
			);
			name = NimbleAppUITests;
			productName = NimbleAppUITests;
			productReference = 85CC90A82AF43FBC008410E4 /* NimbleAppUITests.xctest */;
			productType = "com.apple.product-type.bundle.ui-testing";
		};
/* End PBXNativeTarget section */

/* Begin PBXProject section */
		85CC90812AF43FBB008410E4 /* Project object */ = {
			isa = PBXProject;
			attributes = {
				BuildIndependentTargetsInParallel = 1;
				LastSwiftUpdateCheck = 1500;
				LastUpgradeCheck = 1500;
				TargetAttributes = {
					85CC90882AF43FBB008410E4 = {
						CreatedOnToolsVersion = 15.0.1;
					};
					85CC909D2AF43FBC008410E4 = {
						CreatedOnToolsVersion = 15.0.1;
						TestTargetID = 85CC90882AF43FBB008410E4;
					};
					85CC90A72AF43FBC008410E4 = {
						CreatedOnToolsVersion = 15.0.1;
						TestTargetID = 85CC90882AF43FBB008410E4;
					};
				};
			};
			buildConfigurationList = 85CC90842AF43FBB008410E4 /* Build configuration list for PBXProject "NimbleApp" */;
			compatibilityVersion = "Xcode 14.0";
			developmentRegion = en;
			hasScannedForEncodings = 0;
			knownRegions = (
				en,
				Base,
			);
			mainGroup = 85CC90802AF43FBB008410E4;
			productRefGroup = 85CC908A2AF43FBB008410E4 /* Products */;
			projectDirPath = "";
			projectRoot = "";
			targets = (
				85CC90882AF43FBB008410E4 /* NimbleApp */,
				85CC909D2AF43FBC008410E4 /* NimbleAppTests */,
				85CC90A72AF43FBC008410E4 /* NimbleAppUITests */,
			);
		};
/* End PBXProject section */

/* Begin PBXResourcesBuildPhase section */
		85CC90872AF43FBB008410E4 /* Resources */ = {
			isa = PBXResourcesBuildPhase;
			buildActionMask = 2147483647;
			files = (
				85CC90942AF43FBC008410E4 /* Preview Assets.xcassets in Resources */,
				85CC90DB2AF46790008410E4 /* Neuzeit S LT Std Book Heavy.otf in Resources */,
				85CC90912AF43FBC008410E4 /* Assets.xcassets in Resources */,
				85CC90DD2AF468DC008410E4 /* NeuzeitSLTStd-Book.otf in Resources */,
			);
			runOnlyForDeploymentPostprocessing = 0;
		};
		85CC909C2AF43FBC008410E4 /* Resources */ = {
			isa = PBXResourcesBuildPhase;
			buildActionMask = 2147483647;
			files = (
			);
			runOnlyForDeploymentPostprocessing = 0;
		};
		85CC90A62AF43FBC008410E4 /* Resources */ = {
			isa = PBXResourcesBuildPhase;
			buildActionMask = 2147483647;
			files = (
			);
			runOnlyForDeploymentPostprocessing = 0;
		};
/* End PBXResourcesBuildPhase section */

/* Begin PBXSourcesBuildPhase section */
		85CC90852AF43FBB008410E4 /* Sources */ = {
			isa = PBXSourcesBuildPhase;
			buildActionMask = 2147483647;
			files = (
				85CC90962AF43FBC008410E4 /* Persistence.swift in Sources */,
				85CC90C52AF44759008410E4 /* Color+Extension.swift in Sources */,
				85CC90D12AF456D1008410E4 /* PrimaryButtonStyle.swift in Sources */,
				85CC90E92AF4BACE008410E4 /* HomeViewModel.swift in Sources */,
				85CC90E72AF4AB30008410E4 /* HomeView.swift in Sources */,
				85CC90E02AF489AA008410E4 /* WelcomeCoordinator.swift in Sources */,
				85CC90E52AF49844008410E4 /* CustomNotificationView.swift in Sources */,
				85CC908F2AF43FBB008410E4 /* ContentView.swift in Sources */,
				85CC90C22AF44435008410E4 /* Constans.swift in Sources */,
				85CC90992AF43FBC008410E4 /* NimbleApp.xcdatamodeld in Sources */,
				85CC90BF2AF4434A008410E4 /* MainView.swift in Sources */,
				85CC90CA2AF44C31008410E4 /* MainTextField.swift in Sources */,
				85CC908D2AF43FBB008410E4 /* NimbleAppApp.swift in Sources */,
				85CC90E32AF49829008410E4 /* InAppNotification.swift in Sources */,
				85CC90CE2AF45388008410E4 /* Font+Extension.swift in Sources */,
				85CC90C72AF4494C008410E4 /* MainViewModel.swift in Sources */,
			);
			runOnlyForDeploymentPostprocessing = 0;
		};
		85CC909A2AF43FBC008410E4 /* Sources */ = {
			isa = PBXSourcesBuildPhase;
			buildActionMask = 2147483647;
			files = (
				85CC90A32AF43FBC008410E4 /* NimbleAppTests.swift in Sources */,
			);
			runOnlyForDeploymentPostprocessing = 0;
		};
		85CC90A42AF43FBC008410E4 /* Sources */ = {
			isa = PBXSourcesBuildPhase;
			buildActionMask = 2147483647;
			files = (
				85CC90AD2AF43FBC008410E4 /* NimbleAppUITests.swift in Sources */,
				85CC90AF2AF43FBC008410E4 /* NimbleAppUITestsLaunchTests.swift in Sources */,
			);
			runOnlyForDeploymentPostprocessing = 0;
		};
/* End PBXSourcesBuildPhase section */

/* Begin PBXTargetDependency section */
		85CC90A02AF43FBC008410E4 /* PBXTargetDependency */ = {
			isa = PBXTargetDependency;
			target = 85CC90882AF43FBB008410E4 /* NimbleApp */;
			targetProxy = 85CC909F2AF43FBC008410E4 /* PBXContainerItemProxy */;
		};
		85CC90AA2AF43FBC008410E4 /* PBXTargetDependency */ = {
			isa = PBXTargetDependency;
			target = 85CC90882AF43FBB008410E4 /* NimbleApp */;
			targetProxy = 85CC90A92AF43FBC008410E4 /* PBXContainerItemProxy */;
		};
/* End PBXTargetDependency section */

/* Begin XCBuildConfiguration section */
		85CC90B02AF43FBC008410E4 /* Debug */ = {
			isa = XCBuildConfiguration;
			buildSettings = {
				ALWAYS_SEARCH_USER_PATHS = NO;
				ASSETCATALOG_COMPILER_GENERATE_SWIFT_ASSET_SYMBOL_EXTENSIONS = YES;
				CLANG_ANALYZER_NONNULL = YES;
				CLANG_ANALYZER_NUMBER_OBJECT_CONVERSION = YES_AGGRESSIVE;
				CLANG_CXX_LANGUAGE_STANDARD = "gnu++20";
				CLANG_ENABLE_MODULES = YES;
				CLANG_ENABLE_OBJC_ARC = YES;
				CLANG_ENABLE_OBJC_WEAK = YES;
				CLANG_WARN_BLOCK_CAPTURE_AUTORELEASING = YES;
				CLANG_WARN_BOOL_CONVERSION = YES;
				CLANG_WARN_COMMA = YES;
				CLANG_WARN_CONSTANT_CONVERSION = YES;
				CLANG_WARN_DEPRECATED_OBJC_IMPLEMENTATIONS = YES;
				CLANG_WARN_DIRECT_OBJC_ISA_USAGE = YES_ERROR;
				CLANG_WARN_DOCUMENTATION_COMMENTS = YES;
				CLANG_WARN_EMPTY_BODY = YES;
				CLANG_WARN_ENUM_CONVERSION = YES;
				CLANG_WARN_INFINITE_RECURSION = YES;
				CLANG_WARN_INT_CONVERSION = YES;
				CLANG_WARN_NON_LITERAL_NULL_CONVERSION = YES;
				CLANG_WARN_OBJC_IMPLICIT_RETAIN_SELF = YES;
				CLANG_WARN_OBJC_LITERAL_CONVERSION = YES;
				CLANG_WARN_OBJC_ROOT_CLASS = YES_ERROR;
				CLANG_WARN_QUOTED_INCLUDE_IN_FRAMEWORK_HEADER = YES;
				CLANG_WARN_RANGE_LOOP_ANALYSIS = YES;
				CLANG_WARN_STRICT_PROTOTYPES = YES;
				CLANG_WARN_SUSPICIOUS_MOVE = YES;
				CLANG_WARN_UNGUARDED_AVAILABILITY = YES_AGGRESSIVE;
				CLANG_WARN_UNREACHABLE_CODE = YES;
				CLANG_WARN__DUPLICATE_METHOD_MATCH = YES;
				COPY_PHASE_STRIP = NO;
				DEBUG_INFORMATION_FORMAT = dwarf;
				ENABLE_STRICT_OBJC_MSGSEND = YES;
				ENABLE_TESTABILITY = YES;
				ENABLE_USER_SCRIPT_SANDBOXING = YES;
				GCC_C_LANGUAGE_STANDARD = gnu17;
				GCC_DYNAMIC_NO_PIC = NO;
				GCC_NO_COMMON_BLOCKS = YES;
				GCC_OPTIMIZATION_LEVEL = 0;
				GCC_PREPROCESSOR_DEFINITIONS = (
					"DEBUG=1",
					"$(inherited)",
				);
				GCC_WARN_64_TO_32_BIT_CONVERSION = YES;
				GCC_WARN_ABOUT_RETURN_TYPE = YES_ERROR;
				GCC_WARN_UNDECLARED_SELECTOR = YES;
				GCC_WARN_UNINITIALIZED_AUTOS = YES_AGGRESSIVE;
				GCC_WARN_UNUSED_FUNCTION = YES;
				GCC_WARN_UNUSED_VARIABLE = YES;
				IPHONEOS_DEPLOYMENT_TARGET = 10;
				LOCALIZATION_PREFERS_STRING_CATALOGS = YES;
				MTL_ENABLE_DEBUG_INFO = INCLUDE_SOURCE;
				MTL_FAST_MATH = YES;
				ONLY_ACTIVE_ARCH = YES;
				SDKROOT = iphoneos;
				SWIFT_ACTIVE_COMPILATION_CONDITIONS = "DEBUG $(inherited)";
				SWIFT_OPTIMIZATION_LEVEL = "-Onone";
			};
			name = Debug;
		};
		85CC90B12AF43FBC008410E4 /* Release */ = {
			isa = XCBuildConfiguration;
			buildSettings = {
				ALWAYS_SEARCH_USER_PATHS = NO;
				ASSETCATALOG_COMPILER_GENERATE_SWIFT_ASSET_SYMBOL_EXTENSIONS = YES;
				CLANG_ANALYZER_NONNULL = YES;
				CLANG_ANALYZER_NUMBER_OBJECT_CONVERSION = YES_AGGRESSIVE;
				CLANG_CXX_LANGUAGE_STANDARD = "gnu++20";
				CLANG_ENABLE_MODULES = YES;
				CLANG_ENABLE_OBJC_ARC = YES;
				CLANG_ENABLE_OBJC_WEAK = YES;
				CLANG_WARN_BLOCK_CAPTURE_AUTORELEASING = YES;
				CLANG_WARN_BOOL_CONVERSION = YES;
				CLANG_WARN_COMMA = YES;
				CLANG_WARN_CONSTANT_CONVERSION = YES;
				CLANG_WARN_DEPRECATED_OBJC_IMPLEMENTATIONS = YES;
				CLANG_WARN_DIRECT_OBJC_ISA_USAGE = YES_ERROR;
				CLANG_WARN_DOCUMENTATION_COMMENTS = YES;
				CLANG_WARN_EMPTY_BODY = YES;
				CLANG_WARN_ENUM_CONVERSION = YES;
				CLANG_WARN_INFINITE_RECURSION = YES;
				CLANG_WARN_INT_CONVERSION = YES;
				CLANG_WARN_NON_LITERAL_NULL_CONVERSION = YES;
				CLANG_WARN_OBJC_IMPLICIT_RETAIN_SELF = YES;
				CLANG_WARN_OBJC_LITERAL_CONVERSION = YES;
				CLANG_WARN_OBJC_ROOT_CLASS = YES_ERROR;
				CLANG_WARN_QUOTED_INCLUDE_IN_FRAMEWORK_HEADER = YES;
				CLANG_WARN_RANGE_LOOP_ANALYSIS = YES;
				CLANG_WARN_STRICT_PROTOTYPES = YES;
				CLANG_WARN_SUSPICIOUS_MOVE = YES;
				CLANG_WARN_UNGUARDED_AVAILABILITY = YES_AGGRESSIVE;
				CLANG_WARN_UNREACHABLE_CODE = YES;
				CLANG_WARN__DUPLICATE_METHOD_MATCH = YES;
				COPY_PHASE_STRIP = NO;
				DEBUG_INFORMATION_FORMAT = "dwarf-with-dsym";
				ENABLE_NS_ASSERTIONS = NO;
				ENABLE_STRICT_OBJC_MSGSEND = YES;
				ENABLE_USER_SCRIPT_SANDBOXING = YES;
				GCC_C_LANGUAGE_STANDARD = gnu17;
				GCC_NO_COMMON_BLOCKS = YES;
				GCC_WARN_64_TO_32_BIT_CONVERSION = YES;
				GCC_WARN_ABOUT_RETURN_TYPE = YES_ERROR;
				GCC_WARN_UNDECLARED_SELECTOR = YES;
				GCC_WARN_UNINITIALIZED_AUTOS = YES_AGGRESSIVE;
				GCC_WARN_UNUSED_FUNCTION = YES;
				GCC_WARN_UNUSED_VARIABLE = YES;
				IPHONEOS_DEPLOYMENT_TARGET = 10;
				LOCALIZATION_PREFERS_STRING_CATALOGS = YES;
				MTL_ENABLE_DEBUG_INFO = NO;
				MTL_FAST_MATH = YES;
				SDKROOT = iphoneos;
				SWIFT_COMPILATION_MODE = wholemodule;
				VALIDATE_PRODUCT = YES;
			};
			name = Release;
		};
		85CC90B32AF43FBC008410E4 /* Debug */ = {
			isa = XCBuildConfiguration;
			buildSettings = {
				ASSETCATALOG_COMPILER_APPICON_NAME = AppIcon;
				ASSETCATALOG_COMPILER_GLOBAL_ACCENT_COLOR_NAME = AccentColor;
				CODE_SIGN_STYLE = Automatic;
				CURRENT_PROJECT_VERSION = 1;
				DEVELOPMENT_ASSET_PATHS = "\"NimbleApp/Preview Content\"";
				DEVELOPMENT_TEAM = D4W3226HQ5;
				ENABLE_PREVIEWS = YES;
				GENERATE_INFOPLIST_FILE = YES;
				INFOPLIST_FILE = NimbleApp/Info.plist;
				INFOPLIST_KEY_UIApplicationSceneManifest_Generation = YES;
				INFOPLIST_KEY_UIApplicationSupportsIndirectInputEvents = YES;
				INFOPLIST_KEY_UILaunchScreen_Generation = YES;
				INFOPLIST_KEY_UISupportedInterfaceOrientations_iPad = "UIInterfaceOrientationPortrait UIInterfaceOrientationPortraitUpsideDown UIInterfaceOrientationLandscapeLeft UIInterfaceOrientationLandscapeRight";
				INFOPLIST_KEY_UISupportedInterfaceOrientations_iPhone = "UIInterfaceOrientationPortrait UIInterfaceOrientationLandscapeLeft UIInterfaceOrientationLandscapeRight";
				IPHONEOS_DEPLOYMENT_TARGET = 17.0;
				LD_RUNPATH_SEARCH_PATHS = (
					"$(inherited)",
					"@executable_path/Frameworks",
				);
				MARKETING_VERSION = 1.0;
				PRODUCT_BUNDLE_IDENTIFIER = com.thonnygeek.NimbleApp;
				PRODUCT_NAME = "$(TARGET_NAME)";
				SWIFT_EMIT_LOC_STRINGS = YES;
				SWIFT_VERSION = 5.0;
				TARGETED_DEVICE_FAMILY = "1,2";
			};
			name = Debug;
		};
		85CC90B42AF43FBC008410E4 /* Release */ = {
			isa = XCBuildConfiguration;
			buildSettings = {
				ASSETCATALOG_COMPILER_APPICON_NAME = AppIcon;
				ASSETCATALOG_COMPILER_GLOBAL_ACCENT_COLOR_NAME = AccentColor;
				CODE_SIGN_STYLE = Automatic;
				CURRENT_PROJECT_VERSION = 1;
				DEVELOPMENT_ASSET_PATHS = "\"NimbleApp/Preview Content\"";
				DEVELOPMENT_TEAM = D4W3226HQ5;
				ENABLE_PREVIEWS = YES;
				GENERATE_INFOPLIST_FILE = YES;
				INFOPLIST_FILE = NimbleApp/Info.plist;
				INFOPLIST_KEY_UIApplicationSceneManifest_Generation = YES;
				INFOPLIST_KEY_UIApplicationSupportsIndirectInputEvents = YES;
				INFOPLIST_KEY_UILaunchScreen_Generation = YES;
				INFOPLIST_KEY_UISupportedInterfaceOrientations_iPad = "UIInterfaceOrientationPortrait UIInterfaceOrientationPortraitUpsideDown UIInterfaceOrientationLandscapeLeft UIInterfaceOrientationLandscapeRight";
				INFOPLIST_KEY_UISupportedInterfaceOrientations_iPhone = "UIInterfaceOrientationPortrait UIInterfaceOrientationLandscapeLeft UIInterfaceOrientationLandscapeRight";
				IPHONEOS_DEPLOYMENT_TARGET = 17.0;
				LD_RUNPATH_SEARCH_PATHS = (
					"$(inherited)",
					"@executable_path/Frameworks",
				);
				MARKETING_VERSION = 1.0;
				PRODUCT_BUNDLE_IDENTIFIER = com.thonnygeek.NimbleApp;
				PRODUCT_NAME = "$(TARGET_NAME)";
				SWIFT_EMIT_LOC_STRINGS = YES;
				SWIFT_VERSION = 5.0;
				TARGETED_DEVICE_FAMILY = "1,2";
			};
			name = Release;
		};
		85CC90B62AF43FBC008410E4 /* Debug */ = {
			isa = XCBuildConfiguration;
			buildSettings = {
				ALWAYS_EMBED_SWIFT_STANDARD_LIBRARIES = YES;
				BUNDLE_LOADER = "$(TEST_HOST)";
				CODE_SIGN_STYLE = Automatic;
				CURRENT_PROJECT_VERSION = 1;
				DEVELOPMENT_TEAM = D4W3226HQ5;
				GENERATE_INFOPLIST_FILE = YES;
				IPHONEOS_DEPLOYMENT_TARGET = 17.0;
				MARKETING_VERSION = 1.0;
				PRODUCT_BUNDLE_IDENTIFIER = com.thonnygeek.NimbleAppTests;
				PRODUCT_NAME = "$(TARGET_NAME)";
				SWIFT_EMIT_LOC_STRINGS = NO;
				SWIFT_VERSION = 5.0;
				TARGETED_DEVICE_FAMILY = "1,2";
				TEST_HOST = "$(BUILT_PRODUCTS_DIR)/NimbleApp.app/$(BUNDLE_EXECUTABLE_FOLDER_PATH)/NimbleApp";
			};
			name = Debug;
		};
		85CC90B72AF43FBC008410E4 /* Release */ = {
			isa = XCBuildConfiguration;
			buildSettings = {
				ALWAYS_EMBED_SWIFT_STANDARD_LIBRARIES = YES;
				BUNDLE_LOADER = "$(TEST_HOST)";
				CODE_SIGN_STYLE = Automatic;
				CURRENT_PROJECT_VERSION = 1;
				DEVELOPMENT_TEAM = D4W3226HQ5;
				GENERATE_INFOPLIST_FILE = YES;
				IPHONEOS_DEPLOYMENT_TARGET = 17.0;
				MARKETING_VERSION = 1.0;
				PRODUCT_BUNDLE_IDENTIFIER = com.thonnygeek.NimbleAppTests;
				PRODUCT_NAME = "$(TARGET_NAME)";
				SWIFT_EMIT_LOC_STRINGS = NO;
				SWIFT_VERSION = 5.0;
				TARGETED_DEVICE_FAMILY = "1,2";
				TEST_HOST = "$(BUILT_PRODUCTS_DIR)/NimbleApp.app/$(BUNDLE_EXECUTABLE_FOLDER_PATH)/NimbleApp";
			};
			name = Release;
		};
		85CC90B92AF43FBC008410E4 /* Debug */ = {
			isa = XCBuildConfiguration;
			buildSettings = {
				ALWAYS_EMBED_SWIFT_STANDARD_LIBRARIES = YES;
				CODE_SIGN_STYLE = Automatic;
				CURRENT_PROJECT_VERSION = 1;
				DEVELOPMENT_TEAM = D4W3226HQ5;
				GENERATE_INFOPLIST_FILE = YES;
				MARKETING_VERSION = 1.0;
				PRODUCT_BUNDLE_IDENTIFIER = com.thonnygeek.NimbleAppUITests;
				PRODUCT_NAME = "$(TARGET_NAME)";
				SWIFT_EMIT_LOC_STRINGS = NO;
				SWIFT_VERSION = 5.0;
				TARGETED_DEVICE_FAMILY = "1,2";
				TEST_TARGET_NAME = NimbleApp;
			};
			name = Debug;
		};
		85CC90BA2AF43FBC008410E4 /* Release */ = {
			isa = XCBuildConfiguration;
			buildSettings = {
				ALWAYS_EMBED_SWIFT_STANDARD_LIBRARIES = YES;
				CODE_SIGN_STYLE = Automatic;
				CURRENT_PROJECT_VERSION = 1;
				DEVELOPMENT_TEAM = D4W3226HQ5;
				GENERATE_INFOPLIST_FILE = YES;
				MARKETING_VERSION = 1.0;
				PRODUCT_BUNDLE_IDENTIFIER = com.thonnygeek.NimbleAppUITests;
				PRODUCT_NAME = "$(TARGET_NAME)";
				SWIFT_EMIT_LOC_STRINGS = NO;
				SWIFT_VERSION = 5.0;
				TARGETED_DEVICE_FAMILY = "1,2";
				TEST_TARGET_NAME = NimbleApp;
			};
			name = Release;
		};
/* End XCBuildConfiguration section */

/* Begin XCConfigurationList section */
		85CC90842AF43FBB008410E4 /* Build configuration list for PBXProject "NimbleApp" */ = {
			isa = XCConfigurationList;
			buildConfigurations = (
				85CC90B02AF43FBC008410E4 /* Debug */,
				85CC90B12AF43FBC008410E4 /* Release */,
			);
			defaultConfigurationIsVisible = 0;
			defaultConfigurationName = Release;
		};
		85CC90B22AF43FBC008410E4 /* Build configuration list for PBXNativeTarget "NimbleApp" */ = {
			isa = XCConfigurationList;
			buildConfigurations = (
				85CC90B32AF43FBC008410E4 /* Debug */,
				85CC90B42AF43FBC008410E4 /* Release */,
			);
			defaultConfigurationIsVisible = 0;
			defaultConfigurationName = Release;
		};
		85CC90B52AF43FBC008410E4 /* Build configuration list for PBXNativeTarget "NimbleAppTests" */ = {
			isa = XCConfigurationList;
			buildConfigurations = (
				85CC90B62AF43FBC008410E4 /* Debug */,
				85CC90B72AF43FBC008410E4 /* Release */,
			);
			defaultConfigurationIsVisible = 0;
			defaultConfigurationName = Release;
		};
		85CC90B82AF43FBC008410E4 /* Build configuration list for PBXNativeTarget "NimbleAppUITests" */ = {
			isa = XCConfigurationList;
			buildConfigurations = (
				85CC90B92AF43FBC008410E4 /* Debug */,
				85CC90BA2AF43FBC008410E4 /* Release */,
			);
			defaultConfigurationIsVisible = 0;
			defaultConfigurationName = Release;
		};
/* End XCConfigurationList section */

/* Begin XCVersionGroup section */
		85CC90972AF43FBC008410E4 /* NimbleApp.xcdatamodeld */ = {
			isa = XCVersionGroup;
			children = (
				85CC90982AF43FBC008410E4 /* NimbleApp.xcdatamodel */,
			);
			currentVersion = 85CC90982AF43FBC008410E4 /* NimbleApp.xcdatamodel */;
			path = NimbleApp.xcdatamodeld;
			sourceTree = "<group>";
			versionGroupType = wrapper.xcdatamodel;
		};
/* End XCVersionGroup section */
	};
	rootObject = 85CC90812AF43FBB008410E4 /* Project object */;
}
