// !$*UTF8*$!
{
	archiveVersion = 1;
	classes = {
	};
	objectVersion = 56;
	objects = {

/* Begin PBXBuildFile section */
		8525E2AA2AF5C6FB00DDC6F9 /* Neuzeit S LT BookHeavy.ttf in Resources */ = {isa = PBXBuildFile; fileRef = 8525E2A92AF5C6FB00DDC6F9 /* Neuzeit S LT BookHeavy.ttf */; };
		8565B6D72AF9E4F900EA8486 /* PasswordRecoveryResponse.swift in Sources */ = {isa = PBXBuildFile; fileRef = 8565B6D62AF9E4F900EA8486 /* PasswordRecoveryResponse.swift */; };
		8565B6D92AF9ECB700EA8486 /* AuthProcessTests.swift in Sources */ = {isa = PBXBuildFile; fileRef = 8565B6D82AF9ECB700EA8486 /* AuthProcessTests.swift */; };
		8565B6DB2AFA23ED00EA8486 /* HomeViewModelTests.swift in Sources */ = {isa = PBXBuildFile; fileRef = 8565B6DA2AFA23ED00EA8486 /* HomeViewModelTests.swift */; };
		85880F292AF9DA3B00C8C008 /* UserProfileResponse.swift in Sources */ = {isa = PBXBuildFile; fileRef = 85880F282AF9DA3B00C8C008 /* UserProfileResponse.swift */; };
		8594C7BE2AF5DFB2005A9946 /* View+Extension.swift in Sources */ = {isa = PBXBuildFile; fileRef = 8594C7BD2AF5DFB2005A9946 /* View+Extension.swift */; };
		8594C7C02AF5DFE2005A9946 /* PageIndicator.swift in Sources */ = {isa = PBXBuildFile; fileRef = 8594C7BF2AF5DFE2005A9946 /* PageIndicator.swift */; };
		85A0AEA22AF8B46700427112 /* Alamofire in Frameworks */ = {isa = PBXBuildFile; productRef = 85A0AEA12AF8B46700427112 /* Alamofire */; };
		85A0AEA42AF8B73900427112 /* UserManager.swift in Sources */ = {isa = PBXBuildFile; fileRef = 85A0AEA32AF8B73900427112 /* UserManager.swift */; };
		85A0AEA72AF8B7AA00427112 /* LoginResponse.swift in Sources */ = {isa = PBXBuildFile; fileRef = 85A0AEA62AF8B7AA00427112 /* LoginResponse.swift */; };
		85A0AEA92AF8C6DF00427112 /* String+Extension.swift in Sources */ = {isa = PBXBuildFile; fileRef = 85A0AEA82AF8C6DF00427112 /* String+Extension.swift */; };
		85A0AEAC2AF8CBE700427112 /* SurveyListResponse.swift in Sources */ = {isa = PBXBuildFile; fileRef = 85A0AEAB2AF8CBE700427112 /* SurveyListResponse.swift */; };
		85A0AEAF2AF8CD2000427112 /* HomeRouter.swift in Sources */ = {isa = PBXBuildFile; fileRef = 85A0AEAE2AF8CD2000427112 /* HomeRouter.swift */; };
		85A0AEB12AF8CE0100427112 /* HomeService.swift in Sources */ = {isa = PBXBuildFile; fileRef = 85A0AEB02AF8CE0100427112 /* HomeService.swift */; };
		85ABA59B2AF6E3A30072CC19 /* CustomWheelPickerView.swift in Sources */ = {isa = PBXBuildFile; fileRef = 85ABA59A2AF6E3A30072CC19 /* CustomWheelPickerView.swift */; };
		85ABA59E2AF6FFFB0072CC19 /* StepsView.swift in Sources */ = {isa = PBXBuildFile; fileRef = 85ABA59D2AF6FFFB0072CC19 /* StepsView.swift */; };
		85ABA5A12AF705660072CC19 /* SecondaryButtonStyle.swift in Sources */ = {isa = PBXBuildFile; fileRef = 85ABA5A02AF705660072CC19 /* SecondaryButtonStyle.swift */; };
		85ABA5A32AF72A480072CC19 /* TestView.swift in Sources */ = {isa = PBXBuildFile; fileRef = 85ABA5A22AF72A480072CC19 /* TestView.swift */; };
		85ABA5A52AF7479D0072CC19 /* RatingView.swift in Sources */ = {isa = PBXBuildFile; fileRef = 85ABA5A42AF7479D0072CC19 /* RatingView.swift */; };
		85ABA5A72AF74D260072CC19 /* QuestionNPSView.swift in Sources */ = {isa = PBXBuildFile; fileRef = 85ABA5A62AF74D260072CC19 /* QuestionNPSView.swift */; };
		85ABA5A92AF756BD0072CC19 /* FirstStepView.swift in Sources */ = {isa = PBXBuildFile; fileRef = 85ABA5A82AF756BD0072CC19 /* FirstStepView.swift */; };
		85ABA5AB2AF7574E0072CC19 /* ThirdStepView.swift in Sources */ = {isa = PBXBuildFile; fileRef = 85ABA5AA2AF7574E0072CC19 /* ThirdStepView.swift */; };
		85ABA5AD2AF758000072CC19 /* FourthStepView.swift in Sources */ = {isa = PBXBuildFile; fileRef = 85ABA5AC2AF758000072CC19 /* FourthStepView.swift */; };
		85ABA5AF2AF758AB0072CC19 /* FifthStepView.swift in Sources */ = {isa = PBXBuildFile; fileRef = 85ABA5AE2AF758AB0072CC19 /* FifthStepView.swift */; };
		85B5BAA62AF5760500906B5C /* SideMenuView.swift in Sources */ = {isa = PBXBuildFile; fileRef = 85B5BAA52AF5760500906B5C /* SideMenuView.swift */; };
		85CC908D2AF43FBB008410E4 /* NimbleAppApp.swift in Sources */ = {isa = PBXBuildFile; fileRef = 85CC908C2AF43FBB008410E4 /* NimbleAppApp.swift */; };
		85CC908F2AF43FBB008410E4 /* ContentView.swift in Sources */ = {isa = PBXBuildFile; fileRef = 85CC908E2AF43FBB008410E4 /* ContentView.swift */; };
		85CC90912AF43FBC008410E4 /* Assets.xcassets in Resources */ = {isa = PBXBuildFile; fileRef = 85CC90902AF43FBC008410E4 /* Assets.xcassets */; };
		85CC90942AF43FBC008410E4 /* Preview Assets.xcassets in Resources */ = {isa = PBXBuildFile; fileRef = 85CC90932AF43FBC008410E4 /* Preview Assets.xcassets */; };
		85CC90962AF43FBC008410E4 /* Persistence.swift in Sources */ = {isa = PBXBuildFile; fileRef = 85CC90952AF43FBC008410E4 /* Persistence.swift */; };
		85CC90992AF43FBC008410E4 /* NimbleApp.xcdatamodeld in Sources */ = {isa = PBXBuildFile; fileRef = 85CC90972AF43FBC008410E4 /* NimbleApp.xcdatamodeld */; };
		85CC90BF2AF4434A008410E4 /* MainView.swift in Sources */ = {isa = PBXBuildFile; fileRef = 85CC90BE2AF4434A008410E4 /* MainView.swift */; };
		85CC90C22AF44435008410E4 /* Constans.swift in Sources */ = {isa = PBXBuildFile; fileRef = 85CC90C12AF44435008410E4 /* Constans.swift */; };
		85CC90C52AF44759008410E4 /* Color+Extension.swift in Sources */ = {isa = PBXBuildFile; fileRef = 85CC90C42AF44759008410E4 /* Color+Extension.swift */; };
		85CC90C72AF4494C008410E4 /* MainViewModel.swift in Sources */ = {isa = PBXBuildFile; fileRef = 85CC90C62AF4494C008410E4 /* MainViewModel.swift */; };
		85CC90CA2AF44C31008410E4 /* MainTextField.swift in Sources */ = {isa = PBXBuildFile; fileRef = 85CC90C92AF44C31008410E4 /* MainTextField.swift */; };
		85CC90CE2AF45388008410E4 /* Font+Extension.swift in Sources */ = {isa = PBXBuildFile; fileRef = 85CC90CD2AF45388008410E4 /* Font+Extension.swift */; };
		85CC90D12AF456D1008410E4 /* PrimaryButtonStyle.swift in Sources */ = {isa = PBXBuildFile; fileRef = 85CC90D02AF456D1008410E4 /* PrimaryButtonStyle.swift */; };
		85CC90DB2AF46790008410E4 /* Neuzeit S LT Std Book Heavy.otf in Resources */ = {isa = PBXBuildFile; fileRef = 85CC90DA2AF46790008410E4 /* Neuzeit S LT Std Book Heavy.otf */; };
		85CC90DD2AF468DC008410E4 /* NeuzeitSLTStd-Book.otf in Resources */ = {isa = PBXBuildFile; fileRef = 85CC90DC2AF468DC008410E4 /* NeuzeitSLTStd-Book.otf */; };
		85CC90E02AF489AA008410E4 /* WelcomeCoordinator.swift in Sources */ = {isa = PBXBuildFile; fileRef = 85CC90DF2AF489AA008410E4 /* WelcomeCoordinator.swift */; };
		85CC90E32AF49829008410E4 /* InAppNotification.swift in Sources */ = {isa = PBXBuildFile; fileRef = 85CC90E22AF49829008410E4 /* InAppNotification.swift */; };
		85CC90E52AF49844008410E4 /* CustomNotificationView.swift in Sources */ = {isa = PBXBuildFile; fileRef = 85CC90E42AF49844008410E4 /* CustomNotificationView.swift */; };
		85CC90E72AF4AB30008410E4 /* HomeView.swift in Sources */ = {isa = PBXBuildFile; fileRef = 85CC90E62AF4AB30008410E4 /* HomeView.swift */; };
		85CC90E92AF4BACE008410E4 /* HomeViewModel.swift in Sources */ = {isa = PBXBuildFile; fileRef = 85CC90E82AF4BACE008410E4 /* HomeViewModel.swift */; };
		85FC17E02AF8362500128A0D /* KeyChainHelper.swift in Sources */ = {isa = PBXBuildFile; fileRef = 85FC17DF2AF8362500128A0D /* KeyChainHelper.swift */; };
		85FC17E32AF83EC300128A0D /* KeyChainPropertyWrapper.swift in Sources */ = {isa = PBXBuildFile; fileRef = 85FC17E22AF83EC300128A0D /* KeyChainPropertyWrapper.swift */; };
		85FC17E62AF86E0C00128A0D /* AuthService.swift in Sources */ = {isa = PBXBuildFile; fileRef = 85FC17E52AF86E0C00128A0D /* AuthService.swift */; };
		85FC17EA2AF86EE200128A0D /* AuthRouter.swift in Sources */ = {isa = PBXBuildFile; fileRef = 85FC17E92AF86EE200128A0D /* AuthRouter.swift */; };
/* End PBXBuildFile section */

/* Begin PBXContainerItemProxy section */
		85CC909F2AF43FBC008410E4 /* PBXContainerItemProxy */ = {
			isa = PBXContainerItemProxy;
			containerPortal = 85CC90812AF43FBB008410E4 /* Project object */;
			proxyType = 1;
			remoteGlobalIDString = 85CC90882AF43FBB008410E4;
			remoteInfo = NimbleApp;
		};
/* End PBXContainerItemProxy section */

/* Begin PBXFileReference section */
		8525E2A92AF5C6FB00DDC6F9 /* Neuzeit S LT BookHeavy.ttf */ = {isa = PBXFileReference; lastKnownFileType = file; path = "Neuzeit S LT BookHeavy.ttf"; sourceTree = "<group>"; };
		8565B6D62AF9E4F900EA8486 /* PasswordRecoveryResponse.swift */ = {isa = PBXFileReference; lastKnownFileType = sourcecode.swift; path = PasswordRecoveryResponse.swift; sourceTree = "<group>"; };
		8565B6D82AF9ECB700EA8486 /* AuthProcessTests.swift */ = {isa = PBXFileReference; lastKnownFileType = sourcecode.swift; path = AuthProcessTests.swift; sourceTree = "<group>"; };
		8565B6DA2AFA23ED00EA8486 /* HomeViewModelTests.swift */ = {isa = PBXFileReference; lastKnownFileType = sourcecode.swift; path = HomeViewModelTests.swift; sourceTree = "<group>"; };
		85880F282AF9DA3B00C8C008 /* UserProfileResponse.swift */ = {isa = PBXFileReference; lastKnownFileType = sourcecode.swift; path = UserProfileResponse.swift; sourceTree = "<group>"; };
		8594C7BD2AF5DFB2005A9946 /* View+Extension.swift */ = {isa = PBXFileReference; lastKnownFileType = sourcecode.swift; path = "View+Extension.swift"; sourceTree = "<group>"; };
		8594C7BF2AF5DFE2005A9946 /* PageIndicator.swift */ = {isa = PBXFileReference; lastKnownFileType = sourcecode.swift; path = PageIndicator.swift; sourceTree = "<group>"; };
		85A0AEA32AF8B73900427112 /* UserManager.swift */ = {isa = PBXFileReference; fileEncoding = 4; lastKnownFileType = sourcecode.swift; path = UserManager.swift; sourceTree = "<group>"; };
		85A0AEA62AF8B7AA00427112 /* LoginResponse.swift */ = {isa = PBXFileReference; fileEncoding = 4; lastKnownFileType = sourcecode.swift; path = LoginResponse.swift; sourceTree = "<group>"; };
		85A0AEA82AF8C6DF00427112 /* String+Extension.swift */ = {isa = PBXFileReference; lastKnownFileType = sourcecode.swift; path = "String+Extension.swift"; sourceTree = "<group>"; };
		85A0AEAB2AF8CBE700427112 /* SurveyListResponse.swift */ = {isa = PBXFileReference; lastKnownFileType = sourcecode.swift; path = SurveyListResponse.swift; sourceTree = "<group>"; };
		85A0AEAE2AF8CD2000427112 /* HomeRouter.swift */ = {isa = PBXFileReference; lastKnownFileType = sourcecode.swift; path = HomeRouter.swift; sourceTree = "<group>"; };
		85A0AEB02AF8CE0100427112 /* HomeService.swift */ = {isa = PBXFileReference; lastKnownFileType = sourcecode.swift; path = HomeService.swift; sourceTree = "<group>"; };
		85ABA59A2AF6E3A30072CC19 /* CustomWheelPickerView.swift */ = {isa = PBXFileReference; lastKnownFileType = sourcecode.swift; path = CustomWheelPickerView.swift; sourceTree = "<group>"; };
		85ABA59D2AF6FFFB0072CC19 /* StepsView.swift */ = {isa = PBXFileReference; lastKnownFileType = sourcecode.swift; path = StepsView.swift; sourceTree = "<group>"; };
		85ABA5A02AF705660072CC19 /* SecondaryButtonStyle.swift */ = {isa = PBXFileReference; lastKnownFileType = sourcecode.swift; path = SecondaryButtonStyle.swift; sourceTree = "<group>"; };
		85ABA5A22AF72A480072CC19 /* TestView.swift */ = {isa = PBXFileReference; lastKnownFileType = sourcecode.swift; path = TestView.swift; sourceTree = "<group>"; };
		85ABA5A42AF7479D0072CC19 /* RatingView.swift */ = {isa = PBXFileReference; lastKnownFileType = sourcecode.swift; path = RatingView.swift; sourceTree = "<group>"; };
		85ABA5A62AF74D260072CC19 /* QuestionNPSView.swift */ = {isa = PBXFileReference; lastKnownFileType = sourcecode.swift; path = QuestionNPSView.swift; sourceTree = "<group>"; };
		85ABA5A82AF756BD0072CC19 /* FirstStepView.swift */ = {isa = PBXFileReference; lastKnownFileType = sourcecode.swift; path = FirstStepView.swift; sourceTree = "<group>"; };
		85ABA5AA2AF7574E0072CC19 /* ThirdStepView.swift */ = {isa = PBXFileReference; lastKnownFileType = sourcecode.swift; path = ThirdStepView.swift; sourceTree = "<group>"; };
		85ABA5AC2AF758000072CC19 /* FourthStepView.swift */ = {isa = PBXFileReference; lastKnownFileType = sourcecode.swift; path = FourthStepView.swift; sourceTree = "<group>"; };
		85ABA5AE2AF758AB0072CC19 /* FifthStepView.swift */ = {isa = PBXFileReference; lastKnownFileType = sourcecode.swift; path = FifthStepView.swift; sourceTree = "<group>"; };
		85B5BAA52AF5760500906B5C /* SideMenuView.swift */ = {isa = PBXFileReference; lastKnownFileType = sourcecode.swift; path = SideMenuView.swift; sourceTree = "<group>"; };
		85CC90892AF43FBB008410E4 /* NimbleApp.app */ = {isa = PBXFileReference; explicitFileType = wrapper.application; includeInIndex = 0; path = NimbleApp.app; sourceTree = BUILT_PRODUCTS_DIR; };
		85CC908C2AF43FBB008410E4 /* NimbleAppApp.swift */ = {isa = PBXFileReference; lastKnownFileType = sourcecode.swift; path = NimbleAppApp.swift; sourceTree = "<group>"; };
		85CC908E2AF43FBB008410E4 /* ContentView.swift */ = {isa = PBXFileReference; lastKnownFileType = sourcecode.swift; path = ContentView.swift; sourceTree = "<group>"; };
		85CC90902AF43FBC008410E4 /* Assets.xcassets */ = {isa = PBXFileReference; lastKnownFileType = folder.assetcatalog; path = Assets.xcassets; sourceTree = "<group>"; };
		85CC90932AF43FBC008410E4 /* Preview Assets.xcassets */ = {isa = PBXFileReference; lastKnownFileType = folder.assetcatalog; path = "Preview Assets.xcassets"; sourceTree = "<group>"; };
		85CC90952AF43FBC008410E4 /* Persistence.swift */ = {isa = PBXFileReference; lastKnownFileType = sourcecode.swift; path = Persistence.swift; sourceTree = "<group>"; };
		85CC90982AF43FBC008410E4 /* NimbleApp.xcdatamodel */ = {isa = PBXFileReference; lastKnownFileType = wrapper.xcdatamodel; path = NimbleApp.xcdatamodel; sourceTree = "<group>"; };
		85CC909E2AF43FBC008410E4 /* NimbleAppTests.xctest */ = {isa = PBXFileReference; explicitFileType = wrapper.cfbundle; includeInIndex = 0; path = NimbleAppTests.xctest; sourceTree = BUILT_PRODUCTS_DIR; };
		85CC90BE2AF4434A008410E4 /* MainView.swift */ = {isa = PBXFileReference; lastKnownFileType = sourcecode.swift; path = MainView.swift; sourceTree = "<group>"; };
		85CC90C12AF44435008410E4 /* Constans.swift */ = {isa = PBXFileReference; lastKnownFileType = sourcecode.swift; path = Constans.swift; sourceTree = "<group>"; };
		85CC90C42AF44759008410E4 /* Color+Extension.swift */ = {isa = PBXFileReference; lastKnownFileType = sourcecode.swift; path = "Color+Extension.swift"; sourceTree = "<group>"; };
		85CC90C62AF4494C008410E4 /* MainViewModel.swift */ = {isa = PBXFileReference; lastKnownFileType = sourcecode.swift; path = MainViewModel.swift; sourceTree = "<group>"; };
		85CC90C92AF44C31008410E4 /* MainTextField.swift */ = {isa = PBXFileReference; lastKnownFileType = sourcecode.swift; path = MainTextField.swift; sourceTree = "<group>"; };
		85CC90CD2AF45388008410E4 /* Font+Extension.swift */ = {isa = PBXFileReference; lastKnownFileType = sourcecode.swift; path = "Font+Extension.swift"; sourceTree = "<group>"; };
		85CC90D02AF456D1008410E4 /* PrimaryButtonStyle.swift */ = {isa = PBXFileReference; lastKnownFileType = sourcecode.swift; path = PrimaryButtonStyle.swift; sourceTree = "<group>"; };
		85CC90D42AF45E55008410E4 /* Info.plist */ = {isa = PBXFileReference; lastKnownFileType = text.plist; path = Info.plist; sourceTree = "<group>"; };
		85CC90DA2AF46790008410E4 /* Neuzeit S LT Std Book Heavy.otf */ = {isa = PBXFileReference; lastKnownFileType = file; path = "Neuzeit S LT Std Book Heavy.otf"; sourceTree = "<group>"; };
		85CC90DC2AF468DC008410E4 /* NeuzeitSLTStd-Book.otf */ = {isa = PBXFileReference; lastKnownFileType = file; path = "NeuzeitSLTStd-Book.otf"; sourceTree = "<group>"; };
		85CC90DF2AF489AA008410E4 /* WelcomeCoordinator.swift */ = {isa = PBXFileReference; lastKnownFileType = sourcecode.swift; path = WelcomeCoordinator.swift; sourceTree = "<group>"; };
		85CC90E22AF49829008410E4 /* InAppNotification.swift */ = {isa = PBXFileReference; lastKnownFileType = sourcecode.swift; path = InAppNotification.swift; sourceTree = "<group>"; };
		85CC90E42AF49844008410E4 /* CustomNotificationView.swift */ = {isa = PBXFileReference; lastKnownFileType = sourcecode.swift; path = CustomNotificationView.swift; sourceTree = "<group>"; };
		85CC90E62AF4AB30008410E4 /* HomeView.swift */ = {isa = PBXFileReference; lastKnownFileType = sourcecode.swift; path = HomeView.swift; sourceTree = "<group>"; };
		85CC90E82AF4BACE008410E4 /* HomeViewModel.swift */ = {isa = PBXFileReference; lastKnownFileType = sourcecode.swift; path = HomeViewModel.swift; sourceTree = "<group>"; };
		85FC17DF2AF8362500128A0D /* KeyChainHelper.swift */ = {isa = PBXFileReference; lastKnownFileType = sourcecode.swift; path = KeyChainHelper.swift; sourceTree = "<group>"; };
		85FC17E22AF83EC300128A0D /* KeyChainPropertyWrapper.swift */ = {isa = PBXFileReference; lastKnownFileType = sourcecode.swift; path = KeyChainPropertyWrapper.swift; sourceTree = "<group>"; };
		85FC17E52AF86E0C00128A0D /* AuthService.swift */ = {isa = PBXFileReference; lastKnownFileType = sourcecode.swift; path = AuthService.swift; sourceTree = "<group>"; };
		85FC17E92AF86EE200128A0D /* AuthRouter.swift */ = {isa = PBXFileReference; lastKnownFileType = sourcecode.swift; path = AuthRouter.swift; sourceTree = "<group>"; };
/* End PBXFileReference section */

/* Begin PBXFrameworksBuildPhase section */
		85CC90862AF43FBB008410E4 /* Frameworks */ = {
			isa = PBXFrameworksBuildPhase;
			buildActionMask = 2147483647;
			files = (
				85A0AEA22AF8B46700427112 /* Alamofire in Frameworks */,
			);
			runOnlyForDeploymentPostprocessing = 0;
		};
		85CC909B2AF43FBC008410E4 /* Frameworks */ = {
			isa = PBXFrameworksBuildPhase;
			buildActionMask = 2147483647;
			files = (
			);
			runOnlyForDeploymentPostprocessing = 0;
		};
/* End PBXFrameworksBuildPhase section */

/* Begin PBXGroup section */
		85A0AEA52AF8B7AA00427112 /* Auth */ = {
			isa = PBXGroup;
			children = (
				85A0AEA62AF8B7AA00427112 /* LoginResponse.swift */,
				8565B6D62AF9E4F900EA8486 /* PasswordRecoveryResponse.swift */,
			);
			path = Auth;
			sourceTree = "<group>";
		};
		85A0AEAA2AF8CBDF00427112 /* Home */ = {
			isa = PBXGroup;
			children = (
				85A0AEAB2AF8CBE700427112 /* SurveyListResponse.swift */,
				85880F282AF9DA3B00C8C008 /* UserProfileResponse.swift */,
			);
			path = Home;
			sourceTree = "<group>";
		};
		85A0AEAD2AF8CCDE00427112 /* Home */ = {
			isa = PBXGroup;
			children = (
				85CC90E62AF4AB30008410E4 /* HomeView.swift */,
			);
			path = Home;
			sourceTree = "<group>";
		};
		85ABA59C2AF6FFBC0072CC19 /* Steps */ = {
			isa = PBXGroup;
			children = (
				85ABA59D2AF6FFFB0072CC19 /* StepsView.swift */,
				85ABA5A82AF756BD0072CC19 /* FirstStepView.swift */,
				85ABA5AA2AF7574E0072CC19 /* ThirdStepView.swift */,
				85ABA5AC2AF758000072CC19 /* FourthStepView.swift */,
				85ABA5AE2AF758AB0072CC19 /* FifthStepView.swift */,
			);
			path = Steps;
			sourceTree = "<group>";
		};
		85CC90802AF43FBB008410E4 = {
			isa = PBXGroup;
			children = (
				85CC908B2AF43FBB008410E4 /* NimbleApp */,
				85CC90A12AF43FBC008410E4 /* NimbleAppTests */,
				85CC908A2AF43FBB008410E4 /* Products */,
			);
			sourceTree = "<group>";
		};
		85CC908A2AF43FBB008410E4 /* Products */ = {
			isa = PBXGroup;
			children = (
				85CC90892AF43FBB008410E4 /* NimbleApp.app */,
				85CC909E2AF43FBC008410E4 /* NimbleAppTests.xctest */,
			);
			name = Products;
			sourceTree = "<group>";
		};
		85CC908B2AF43FBB008410E4 /* NimbleApp */ = {
			isa = PBXGroup;
			children = (
				85CC908C2AF43FBB008410E4 /* NimbleAppApp.swift */,
				85CC908E2AF43FBB008410E4 /* ContentView.swift */,
				85CC90902AF43FBC008410E4 /* Assets.xcassets */,
				85CC90952AF43FBC008410E4 /* Persistence.swift */,
				85CC90972AF43FBC008410E4 /* NimbleApp.xcdatamodeld */,
				85CC90D42AF45E55008410E4 /* Info.plist */,
				85CC90CB2AF4530A008410E4 /* Resourses */,
				85CC90C32AF4473C008410E4 /* Extension */,
				85CC90C02AF4441E008410E4 /* Manager */,
				85CC90BD2AF441E2008410E4 /* ViewModel */,
				85CC90BC2AF441C9008410E4 /* Model */,
				85CC90BB2AF44102008410E4 /* View */,
				85CC90922AF43FBC008410E4 /* Preview Content */,
			);
			path = NimbleApp;
			sourceTree = "<group>";
		};
		85CC90922AF43FBC008410E4 /* Preview Content */ = {
			isa = PBXGroup;
			children = (
				85CC90932AF43FBC008410E4 /* Preview Assets.xcassets */,
			);
			path = "Preview Content";
			sourceTree = "<group>";
		};
		85CC90A12AF43FBC008410E4 /* NimbleAppTests */ = {
			isa = PBXGroup;
			children = (
				8565B6D82AF9ECB700EA8486 /* AuthProcessTests.swift */,
				8565B6DA2AFA23ED00EA8486 /* HomeViewModelTests.swift */,
			);
			path = NimbleAppTests;
			sourceTree = "<group>";
		};
		85CC90BB2AF44102008410E4 /* View */ = {
			isa = PBXGroup;
			children = (
				85A0AEAD2AF8CCDE00427112 /* Home */,
				85ABA59C2AF6FFBC0072CC19 /* Steps */,
				85CC90BE2AF4434A008410E4 /* MainView.swift */,
				85CC90DE2AF48997008410E4 /* Coordinators */,
				85CC90C82AF44C13008410E4 /* Utils */,
			);
			path = View;
			sourceTree = "<group>";
		};
		85CC90BC2AF441C9008410E4 /* Model */ = {
			isa = PBXGroup;
			children = (
				85A0AEAA2AF8CBDF00427112 /* Home */,
				85A0AEA52AF8B7AA00427112 /* Auth */,
			);
			path = Model;
			sourceTree = "<group>";
		};
		85CC90BD2AF441E2008410E4 /* ViewModel */ = {
			isa = PBXGroup;
			children = (
				85CC90C62AF4494C008410E4 /* MainViewModel.swift */,
				85CC90E82AF4BACE008410E4 /* HomeViewModel.swift */,
			);
			path = ViewModel;
			sourceTree = "<group>";
		};
		85CC90C02AF4441E008410E4 /* Manager */ = {
			isa = PBXGroup;
			children = (
				85A0AEA32AF8B73900427112 /* UserManager.swift */,
				85FC17E42AF86D4A00128A0D /* Networking */,
				85FC17E12AF83EA400128A0D /* Auth */,
				85CC90C12AF44435008410E4 /* Constans.swift */,
			);
			path = Manager;
			sourceTree = "<group>";
		};
		85CC90C32AF4473C008410E4 /* Extension */ = {
			isa = PBXGroup;
			children = (
				85CC90C42AF44759008410E4 /* Color+Extension.swift */,
				85CC90CD2AF45388008410E4 /* Font+Extension.swift */,
				8594C7BD2AF5DFB2005A9946 /* View+Extension.swift */,
				85A0AEA82AF8C6DF00427112 /* String+Extension.swift */,
			);
			path = Extension;
			sourceTree = "<group>";
		};
		85CC90C82AF44C13008410E4 /* Utils */ = {
			isa = PBXGroup;
			children = (
				85CC90E12AF4981D008410E4 /* Toast */,
				85CC90CF2AF456C7008410E4 /* Buttons */,
				85CC90C92AF44C31008410E4 /* MainTextField.swift */,
				85B5BAA52AF5760500906B5C /* SideMenuView.swift */,
				8594C7BF2AF5DFE2005A9946 /* PageIndicator.swift */,
				85ABA59A2AF6E3A30072CC19 /* CustomWheelPickerView.swift */,
				85ABA5A22AF72A480072CC19 /* TestView.swift */,
				85ABA5A42AF7479D0072CC19 /* RatingView.swift */,
				85ABA5A62AF74D260072CC19 /* QuestionNPSView.swift */,
			);
			path = Utils;
			sourceTree = "<group>";
		};
		85CC90CB2AF4530A008410E4 /* Resourses */ = {
			isa = PBXGroup;
			children = (
				8525E2A92AF5C6FB00DDC6F9 /* Neuzeit S LT BookHeavy.ttf */,
				85CC90DC2AF468DC008410E4 /* NeuzeitSLTStd-Book.otf */,
				85CC90DA2AF46790008410E4 /* Neuzeit S LT Std Book Heavy.otf */,
			);
			path = Resourses;
			sourceTree = "<group>";
		};
		85CC90CF2AF456C7008410E4 /* Buttons */ = {
			isa = PBXGroup;
			children = (
				85CC90D02AF456D1008410E4 /* PrimaryButtonStyle.swift */,
				85ABA5A02AF705660072CC19 /* SecondaryButtonStyle.swift */,
			);
			path = Buttons;
			sourceTree = "<group>";
		};
		85CC90DE2AF48997008410E4 /* Coordinators */ = {
			isa = PBXGroup;
			children = (
				85CC90DF2AF489AA008410E4 /* WelcomeCoordinator.swift */,
			);
			path = Coordinators;
			sourceTree = "<group>";
		};
		85CC90E12AF4981D008410E4 /* Toast */ = {
			isa = PBXGroup;
			children = (
				85CC90E22AF49829008410E4 /* InAppNotification.swift */,
				85CC90E42AF49844008410E4 /* CustomNotificationView.swift */,
			);
			path = Toast;
			sourceTree = "<group>";
		};
		85FC17E12AF83EA400128A0D /* Auth */ = {
			isa = PBXGroup;
			children = (
				85FC17DF2AF8362500128A0D /* KeyChainHelper.swift */,
				85FC17E22AF83EC300128A0D /* KeyChainPropertyWrapper.swift */,
			);
			path = Auth;
			sourceTree = "<group>";
		};
		85FC17E42AF86D4A00128A0D /* Networking */ = {
			isa = PBXGroup;
			children = (
				85FC17E82AF86EAA00128A0D /* Routers */,
				85FC17E72AF86EA400128A0D /* Services */,
			);
			path = Networking;
			sourceTree = "<group>";
		};
		85FC17E72AF86EA400128A0D /* Services */ = {
			isa = PBXGroup;
			children = (
				85FC17E52AF86E0C00128A0D /* AuthService.swift */,
				85A0AEB02AF8CE0100427112 /* HomeService.swift */,
			);
			path = Services;
			sourceTree = "<group>";
		};
		85FC17E82AF86EAA00128A0D /* Routers */ = {
			isa = PBXGroup;
			children = (
				85FC17E92AF86EE200128A0D /* AuthRouter.swift */,
				85A0AEAE2AF8CD2000427112 /* HomeRouter.swift */,
			);
			path = Routers;
			sourceTree = "<group>";
		};
/* End PBXGroup section */

/* Begin PBXNativeTarget section */
		85CC90882AF43FBB008410E4 /* NimbleApp */ = {
			isa = PBXNativeTarget;
			buildConfigurationList = 85CC90B22AF43FBC008410E4 /* Build configuration list for PBXNativeTarget "NimbleApp" */;
			buildPhases = (
				85CC90852AF43FBB008410E4 /* Sources */,
				85CC90862AF43FBB008410E4 /* Frameworks */,
				85CC90872AF43FBB008410E4 /* Resources */,
			);
			buildRules = (
			);
			dependencies = (
			);
			name = NimbleApp;
			packageProductDependencies = (
				85A0AEA12AF8B46700427112 /* Alamofire */,
			);
			productName = NimbleApp;
			productReference = 85CC90892AF43FBB008410E4 /* NimbleApp.app */;
			productType = "com.apple.product-type.application";
		};
		85CC909D2AF43FBC008410E4 /* NimbleAppTests */ = {
			isa = PBXNativeTarget;
			buildConfigurationList = 85CC90B52AF43FBC008410E4 /* Build configuration list for PBXNativeTarget "NimbleAppTests" */;
			buildPhases = (
				85CC909A2AF43FBC008410E4 /* Sources */,
				85CC909B2AF43FBC008410E4 /* Frameworks */,
				85CC909C2AF43FBC008410E4 /* Resources */,
			);
			buildRules = (
			);
			dependencies = (
				85CC90A02AF43FBC008410E4 /* PBXTargetDependency */,
			);
			name = NimbleAppTests;
			productName = NimbleAppTests;
			productReference = 85CC909E2AF43FBC008410E4 /* NimbleAppTests.xctest */;
			productType = "com.apple.product-type.bundle.unit-test";
		};
/* End PBXNativeTarget section */

/* Begin PBXProject section */
		85CC90812AF43FBB008410E4 /* Project object */ = {
			isa = PBXProject;
			attributes = {
				BuildIndependentTargetsInParallel = 1;
				LastSwiftUpdateCheck = 1500;
				LastUpgradeCheck = 1500;
				TargetAttributes = {
					85CC90882AF43FBB008410E4 = {
						CreatedOnToolsVersion = 15.0.1;
					};
					85CC909D2AF43FBC008410E4 = {
						CreatedOnToolsVersion = 15.0.1;
						TestTargetID = 85CC90882AF43FBB008410E4;
					};
				};
			};
			buildConfigurationList = 85CC90842AF43FBB008410E4 /* Build configuration list for PBXProject "NimbleApp" */;
			compatibilityVersion = "Xcode 14.0";
			developmentRegion = en;
			hasScannedForEncodings = 0;
			knownRegions = (
				en,
				Base,
			);
			mainGroup = 85CC90802AF43FBB008410E4;
			packageReferences = (
				85A0AEA02AF8B46700427112 /* XCRemoteSwiftPackageReference "Alamofire" */,
			);
			productRefGroup = 85CC908A2AF43FBB008410E4 /* Products */;
			projectDirPath = "";
			projectRoot = "";
			targets = (
				85CC90882AF43FBB008410E4 /* NimbleApp */,
				85CC909D2AF43FBC008410E4 /* NimbleAppTests */,
			);
		};
/* End PBXProject section */

/* Begin PBXResourcesBuildPhase section */
		85CC90872AF43FBB008410E4 /* Resources */ = {
			isa = PBXResourcesBuildPhase;
			buildActionMask = 2147483647;
			files = (
				8525E2AA2AF5C6FB00DDC6F9 /* Neuzeit S LT BookHeavy.ttf in Resources */,
				85CC90942AF43FBC008410E4 /* Preview Assets.xcassets in Resources */,
				85CC90DB2AF46790008410E4 /* Neuzeit S LT Std Book Heavy.otf in Resources */,
				85CC90912AF43FBC008410E4 /* Assets.xcassets in Resources */,
				85CC90DD2AF468DC008410E4 /* NeuzeitSLTStd-Book.otf in Resources */,
			);
			runOnlyForDeploymentPostprocessing = 0;
		};
		85CC909C2AF43FBC008410E4 /* Resources */ = {
			isa = PBXResourcesBuildPhase;
			buildActionMask = 2147483647;
			files = (
			);
			runOnlyForDeploymentPostprocessing = 0;
		};
/* End PBXResourcesBuildPhase section */

/* Begin PBXSourcesBuildPhase section */
		85CC90852AF43FBB008410E4 /* Sources */ = {
			isa = PBXSourcesBuildPhase;
			buildActionMask = 2147483647;
			files = (
				85ABA5AB2AF7574E0072CC19 /* ThirdStepView.swift in Sources */,
				85ABA5A12AF705660072CC19 /* SecondaryButtonStyle.swift in Sources */,
				85CC90962AF43FBC008410E4 /* Persistence.swift in Sources */,
				85FC17E02AF8362500128A0D /* KeyChainHelper.swift in Sources */,
				8594C7C02AF5DFE2005A9946 /* PageIndicator.swift in Sources */,
				85ABA5A52AF7479D0072CC19 /* RatingView.swift in Sources */,
				85B5BAA62AF5760500906B5C /* SideMenuView.swift in Sources */,
				85A0AEAC2AF8CBE700427112 /* SurveyListResponse.swift in Sources */,
				85ABA5AD2AF758000072CC19 /* FourthStepView.swift in Sources */,
				85CC90C52AF44759008410E4 /* Color+Extension.swift in Sources */,
				85ABA59E2AF6FFFB0072CC19 /* StepsView.swift in Sources */,
				85880F292AF9DA3B00C8C008 /* UserProfileResponse.swift in Sources */,
				85CC90D12AF456D1008410E4 /* PrimaryButtonStyle.swift in Sources */,
				85CC90E92AF4BACE008410E4 /* HomeViewModel.swift in Sources */,
				85CC90E72AF4AB30008410E4 /* HomeView.swift in Sources */,
				8565B6D72AF9E4F900EA8486 /* PasswordRecoveryResponse.swift in Sources */,
				85CC90E02AF489AA008410E4 /* WelcomeCoordinator.swift in Sources */,
				85ABA5AF2AF758AB0072CC19 /* FifthStepView.swift in Sources */,
				85FC17E62AF86E0C00128A0D /* AuthService.swift in Sources */,
				85A0AEA42AF8B73900427112 /* UserManager.swift in Sources */,
				85CC90E52AF49844008410E4 /* CustomNotificationView.swift in Sources */,
				85CC908F2AF43FBB008410E4 /* ContentView.swift in Sources */,
				85FC17E32AF83EC300128A0D /* KeyChainPropertyWrapper.swift in Sources */,
				85A0AEB12AF8CE0100427112 /* HomeService.swift in Sources */,
				85FC17EA2AF86EE200128A0D /* AuthRouter.swift in Sources */,
				85ABA5A72AF74D260072CC19 /* QuestionNPSView.swift in Sources */,
				85A0AEAF2AF8CD2000427112 /* HomeRouter.swift in Sources */,
				85CC90C22AF44435008410E4 /* Constans.swift in Sources */,
				85CC90992AF43FBC008410E4 /* NimbleApp.xcdatamodeld in Sources */,
				85CC90BF2AF4434A008410E4 /* MainView.swift in Sources */,
				85ABA5A92AF756BD0072CC19 /* FirstStepView.swift in Sources */,
				85CC90CA2AF44C31008410E4 /* MainTextField.swift in Sources */,
				85CC908D2AF43FBB008410E4 /* NimbleAppApp.swift in Sources */,
				85A0AEA92AF8C6DF00427112 /* String+Extension.swift in Sources */,
				85CC90E32AF49829008410E4 /* InAppNotification.swift in Sources */,
				85CC90CE2AF45388008410E4 /* Font+Extension.swift in Sources */,
				85ABA5A32AF72A480072CC19 /* TestView.swift in Sources */,
				8594C7BE2AF5DFB2005A9946 /* View+Extension.swift in Sources */,
				85CC90C72AF4494C008410E4 /* MainViewModel.swift in Sources */,
				85ABA59B2AF6E3A30072CC19 /* CustomWheelPickerView.swift in Sources */,
				85A0AEA72AF8B7AA00427112 /* LoginResponse.swift in Sources */,
			);
			runOnlyForDeploymentPostprocessing = 0;
		};
		85CC909A2AF43FBC008410E4 /* Sources */ = {
			isa = PBXSourcesBuildPhase;
			buildActionMask = 2147483647;
			files = (
				8565B6D92AF9ECB700EA8486 /* AuthProcessTests.swift in Sources */,
				8565B6DB2AFA23ED00EA8486 /* HomeViewModelTests.swift in Sources */,
			);
			runOnlyForDeploymentPostprocessing = 0;
		};
/* End PBXSourcesBuildPhase section */

/* Begin PBXTargetDependency section */
		85CC90A02AF43FBC008410E4 /* PBXTargetDependency */ = {
			isa = PBXTargetDependency;
			target = 85CC90882AF43FBB008410E4 /* NimbleApp */;
			targetProxy = 85CC909F2AF43FBC008410E4 /* PBXContainerItemProxy */;
		};
/* End PBXTargetDependency section */

/* Begin XCBuildConfiguration section */
		85CC90B02AF43FBC008410E4 /* Debug */ = {
			isa = XCBuildConfiguration;
			buildSettings = {
				ALWAYS_SEARCH_USER_PATHS = NO;
				ASSETCATALOG_COMPILER_GENERATE_SWIFT_ASSET_SYMBOL_EXTENSIONS = YES;
				CLANG_ANALYZER_NONNULL = YES;
				CLANG_ANALYZER_NUMBER_OBJECT_CONVERSION = YES_AGGRESSIVE;
				CLANG_CXX_LANGUAGE_STANDARD = "gnu++20";
				CLANG_ENABLE_MODULES = YES;
				CLANG_ENABLE_OBJC_ARC = YES;
				CLANG_ENABLE_OBJC_WEAK = YES;
				CLANG_WARN_BLOCK_CAPTURE_AUTORELEASING = YES;
				CLANG_WARN_BOOL_CONVERSION = YES;
				CLANG_WARN_COMMA = YES;
				CLANG_WARN_CONSTANT_CONVERSION = YES;
				CLANG_WARN_DEPRECATED_OBJC_IMPLEMENTATIONS = YES;
				CLANG_WARN_DIRECT_OBJC_ISA_USAGE = YES_ERROR;
				CLANG_WARN_DOCUMENTATION_COMMENTS = YES;
				CLANG_WARN_EMPTY_BODY = YES;
				CLANG_WARN_ENUM_CONVERSION = YES;
				CLANG_WARN_INFINITE_RECURSION = YES;
				CLANG_WARN_INT_CONVERSION = YES;
				CLANG_WARN_NON_LITERAL_NULL_CONVERSION = YES;
				CLANG_WARN_OBJC_IMPLICIT_RETAIN_SELF = YES;
				CLANG_WARN_OBJC_LITERAL_CONVERSION = YES;
				CLANG_WARN_OBJC_ROOT_CLASS = YES_ERROR;
				CLANG_WARN_QUOTED_INCLUDE_IN_FRAMEWORK_HEADER = YES;
				CLANG_WARN_RANGE_LOOP_ANALYSIS = YES;
				CLANG_WARN_STRICT_PROTOTYPES = YES;
				CLANG_WARN_SUSPICIOUS_MOVE = YES;
				CLANG_WARN_UNGUARDED_AVAILABILITY = YES_AGGRESSIVE;
				CLANG_WARN_UNREACHABLE_CODE = YES;
				CLANG_WARN__DUPLICATE_METHOD_MATCH = YES;
				COPY_PHASE_STRIP = NO;
				DEBUG_INFORMATION_FORMAT = dwarf;
				ENABLE_STRICT_OBJC_MSGSEND = YES;
				ENABLE_TESTABILITY = YES;
				ENABLE_USER_SCRIPT_SANDBOXING = YES;
				GCC_C_LANGUAGE_STANDARD = gnu17;
				GCC_DYNAMIC_NO_PIC = NO;
				GCC_NO_COMMON_BLOCKS = YES;
				GCC_OPTIMIZATION_LEVEL = 0;
				GCC_PREPROCESSOR_DEFINITIONS = (
					"DEBUG=1",
					"$(inherited)",
				);
				GCC_WARN_64_TO_32_BIT_CONVERSION = YES;
				GCC_WARN_ABOUT_RETURN_TYPE = YES_ERROR;
				GCC_WARN_UNDECLARED_SELECTOR = YES;
				GCC_WARN_UNINITIALIZED_AUTOS = YES_AGGRESSIVE;
				GCC_WARN_UNUSED_FUNCTION = YES;
				GCC_WARN_UNUSED_VARIABLE = YES;
				IPHONEOS_DEPLOYMENT_TARGET = 10;
				LOCALIZATION_PREFERS_STRING_CATALOGS = YES;
				MTL_ENABLE_DEBUG_INFO = INCLUDE_SOURCE;
				MTL_FAST_MATH = YES;
				ONLY_ACTIVE_ARCH = YES;
				SDKROOT = iphoneos;
				SWIFT_ACTIVE_COMPILATION_CONDITIONS = "DEBUG $(inherited)";
				SWIFT_OPTIMIZATION_LEVEL = "-Onone";
			};
			name = Debug;
		};
		85CC90B12AF43FBC008410E4 /* Release */ = {
			isa = XCBuildConfiguration;
			buildSettings = {
				ALWAYS_SEARCH_USER_PATHS = NO;
				ASSETCATALOG_COMPILER_GENERATE_SWIFT_ASSET_SYMBOL_EXTENSIONS = YES;
				CLANG_ANALYZER_NONNULL = YES;
				CLANG_ANALYZER_NUMBER_OBJECT_CONVERSION = YES_AGGRESSIVE;
				CLANG_CXX_LANGUAGE_STANDARD = "gnu++20";
				CLANG_ENABLE_MODULES = YES;
				CLANG_ENABLE_OBJC_ARC = YES;
				CLANG_ENABLE_OBJC_WEAK = YES;
				CLANG_WARN_BLOCK_CAPTURE_AUTORELEASING = YES;
				CLANG_WARN_BOOL_CONVERSION = YES;
				CLANG_WARN_COMMA = YES;
				CLANG_WARN_CONSTANT_CONVERSION = YES;
				CLANG_WARN_DEPRECATED_OBJC_IMPLEMENTATIONS = YES;
				CLANG_WARN_DIRECT_OBJC_ISA_USAGE = YES_ERROR;
				CLANG_WARN_DOCUMENTATION_COMMENTS = YES;
				CLANG_WARN_EMPTY_BODY = YES;
				CLANG_WARN_ENUM_CONVERSION = YES;
				CLANG_WARN_INFINITE_RECURSION = YES;
				CLANG_WARN_INT_CONVERSION = YES;
				CLANG_WARN_NON_LITERAL_NULL_CONVERSION = YES;
				CLANG_WARN_OBJC_IMPLICIT_RETAIN_SELF = YES;
				CLANG_WARN_OBJC_LITERAL_CONVERSION = YES;
				CLANG_WARN_OBJC_ROOT_CLASS = YES_ERROR;
				CLANG_WARN_QUOTED_INCLUDE_IN_FRAMEWORK_HEADER = YES;
				CLANG_WARN_RANGE_LOOP_ANALYSIS = YES;
				CLANG_WARN_STRICT_PROTOTYPES = YES;
				CLANG_WARN_SUSPICIOUS_MOVE = YES;
				CLANG_WARN_UNGUARDED_AVAILABILITY = YES_AGGRESSIVE;
				CLANG_WARN_UNREACHABLE_CODE = YES;
				CLANG_WARN__DUPLICATE_METHOD_MATCH = YES;
				COPY_PHASE_STRIP = NO;
				DEBUG_INFORMATION_FORMAT = "dwarf-with-dsym";
				ENABLE_NS_ASSERTIONS = NO;
				ENABLE_STRICT_OBJC_MSGSEND = YES;
				ENABLE_USER_SCRIPT_SANDBOXING = YES;
				GCC_C_LANGUAGE_STANDARD = gnu17;
				GCC_NO_COMMON_BLOCKS = YES;
				GCC_WARN_64_TO_32_BIT_CONVERSION = YES;
				GCC_WARN_ABOUT_RETURN_TYPE = YES_ERROR;
				GCC_WARN_UNDECLARED_SELECTOR = YES;
				GCC_WARN_UNINITIALIZED_AUTOS = YES_AGGRESSIVE;
				GCC_WARN_UNUSED_FUNCTION = YES;
				GCC_WARN_UNUSED_VARIABLE = YES;
				IPHONEOS_DEPLOYMENT_TARGET = 10;
				LOCALIZATION_PREFERS_STRING_CATALOGS = YES;
				MTL_ENABLE_DEBUG_INFO = NO;
				MTL_FAST_MATH = YES;
				SDKROOT = iphoneos;
				SWIFT_COMPILATION_MODE = wholemodule;
				VALIDATE_PRODUCT = YES;
			};
			name = Release;
		};
		85CC90B32AF43FBC008410E4 /* Debug */ = {
			isa = XCBuildConfiguration;
			buildSettings = {
				ASSETCATALOG_COMPILER_APPICON_NAME = AppIcon;
				ASSETCATALOG_COMPILER_GLOBAL_ACCENT_COLOR_NAME = AccentColor;
				CODE_SIGN_STYLE = Automatic;
				CURRENT_PROJECT_VERSION = 1;
				DEVELOPMENT_ASSET_PATHS = "\"NimbleApp/Preview Content\"";
				DEVELOPMENT_TEAM = D4W3226HQ5;
				ENABLE_PREVIEWS = YES;
				GENERATE_INFOPLIST_FILE = YES;
				INFOPLIST_FILE = NimbleApp/Info.plist;
				INFOPLIST_KEY_UIApplicationSceneManifest_Generation = YES;
				INFOPLIST_KEY_UIApplicationSupportsIndirectInputEvents = YES;
				INFOPLIST_KEY_UILaunchScreen_Generation = YES;
				INFOPLIST_KEY_UISupportedInterfaceOrientations_iPad = "UIInterfaceOrientationPortrait UIInterfaceOrientationPortraitUpsideDown UIInterfaceOrientationLandscapeLeft UIInterfaceOrientationLandscapeRight";
				INFOPLIST_KEY_UISupportedInterfaceOrientations_iPhone = "UIInterfaceOrientationPortrait UIInterfaceOrientationLandscapeLeft UIInterfaceOrientationLandscapeRight";
				IPHONEOS_DEPLOYMENT_TARGET = 17.0;
				LD_RUNPATH_SEARCH_PATHS = (
					"$(inherited)",
					"@executable_path/Frameworks",
				);
				MARKETING_VERSION = 1.0;
				PRODUCT_BUNDLE_IDENTIFIER = com.thonnygeek.NimbleApp;
				PRODUCT_NAME = "$(TARGET_NAME)";
				SWIFT_EMIT_LOC_STRINGS = YES;
				SWIFT_VERSION = 5.0;
				TARGETED_DEVICE_FAMILY = "1,2";
			};
			name = Debug;
		};
		85CC90B42AF43FBC008410E4 /* Release */ = {
			isa = XCBuildConfiguration;
			buildSettings = {
				ASSETCATALOG_COMPILER_APPICON_NAME = AppIcon;
				ASSETCATALOG_COMPILER_GLOBAL_ACCENT_COLOR_NAME = AccentColor;
				CODE_SIGN_STYLE = Automatic;
				CURRENT_PROJECT_VERSION = 1;
				DEVELOPMENT_ASSET_PATHS = "\"NimbleApp/Preview Content\"";
				DEVELOPMENT_TEAM = D4W3226HQ5;
				ENABLE_PREVIEWS = YES;
				GENERATE_INFOPLIST_FILE = YES;
				INFOPLIST_FILE = NimbleApp/Info.plist;
				INFOPLIST_KEY_UIApplicationSceneManifest_Generation = YES;
				INFOPLIST_KEY_UIApplicationSupportsIndirectInputEvents = YES;
				INFOPLIST_KEY_UILaunchScreen_Generation = YES;
				INFOPLIST_KEY_UISupportedInterfaceOrientations_iPad = "UIInterfaceOrientationPortrait UIInterfaceOrientationPortraitUpsideDown UIInterfaceOrientationLandscapeLeft UIInterfaceOrientationLandscapeRight";
				INFOPLIST_KEY_UISupportedInterfaceOrientations_iPhone = "UIInterfaceOrientationPortrait UIInterfaceOrientationLandscapeLeft UIInterfaceOrientationLandscapeRight";
				IPHONEOS_DEPLOYMENT_TARGET = 17.0;
				LD_RUNPATH_SEARCH_PATHS = (
					"$(inherited)",
					"@executable_path/Frameworks",
				);
				MARKETING_VERSION = 1.0;
				PRODUCT_BUNDLE_IDENTIFIER = com.thonnygeek.NimbleApp;
				PRODUCT_NAME = "$(TARGET_NAME)";
				SWIFT_EMIT_LOC_STRINGS = YES;
				SWIFT_VERSION = 5.0;
				TARGETED_DEVICE_FAMILY = "1,2";
			};
			name = Release;
		};
		85CC90B62AF43FBC008410E4 /* Debug */ = {
			isa = XCBuildConfiguration;
			buildSettings = {
				ALWAYS_EMBED_SWIFT_STANDARD_LIBRARIES = YES;
				BUNDLE_LOADER = "$(TEST_HOST)";
				CODE_SIGN_STYLE = Automatic;
				CURRENT_PROJECT_VERSION = 1;
				DEVELOPMENT_TEAM = D4W3226HQ5;
				GENERATE_INFOPLIST_FILE = YES;
				IPHONEOS_DEPLOYMENT_TARGET = 17.0;
				MARKETING_VERSION = 1.0;
				PRODUCT_BUNDLE_IDENTIFIER = com.thonnygeek.NimbleAppTests;
				PRODUCT_NAME = "$(TARGET_NAME)";
				SWIFT_EMIT_LOC_STRINGS = NO;
				SWIFT_VERSION = 5.0;
				TARGETED_DEVICE_FAMILY = "1,2";
				TEST_HOST = "$(BUILT_PRODUCTS_DIR)/NimbleApp.app/$(BUNDLE_EXECUTABLE_FOLDER_PATH)/NimbleApp";
			};
			name = Debug;
		};
		85CC90B72AF43FBC008410E4 /* Release */ = {
			isa = XCBuildConfiguration;
			buildSettings = {
				ALWAYS_EMBED_SWIFT_STANDARD_LIBRARIES = YES;
				BUNDLE_LOADER = "$(TEST_HOST)";
				CODE_SIGN_STYLE = Automatic;
				CURRENT_PROJECT_VERSION = 1;
				DEVELOPMENT_TEAM = D4W3226HQ5;
				GENERATE_INFOPLIST_FILE = YES;
				IPHONEOS_DEPLOYMENT_TARGET = 17.0;
				MARKETING_VERSION = 1.0;
				PRODUCT_BUNDLE_IDENTIFIER = com.thonnygeek.NimbleAppTests;
				PRODUCT_NAME = "$(TARGET_NAME)";
				SWIFT_EMIT_LOC_STRINGS = NO;
				SWIFT_VERSION = 5.0;
				TARGETED_DEVICE_FAMILY = "1,2";
				TEST_HOST = "$(BUILT_PRODUCTS_DIR)/NimbleApp.app/$(BUNDLE_EXECUTABLE_FOLDER_PATH)/NimbleApp";
			};
			name = Release;
		};
/* End XCBuildConfiguration section */

/* Begin XCConfigurationList section */
		85CC90842AF43FBB008410E4 /* Build configuration list for PBXProject "NimbleApp" */ = {
			isa = XCConfigurationList;
			buildConfigurations = (
				85CC90B02AF43FBC008410E4 /* Debug */,
				85CC90B12AF43FBC008410E4 /* Release */,
			);
			defaultConfigurationIsVisible = 0;
			defaultConfigurationName = Release;
		};
		85CC90B22AF43FBC008410E4 /* Build configuration list for PBXNativeTarget "NimbleApp" */ = {
			isa = XCConfigurationList;
			buildConfigurations = (
				85CC90B32AF43FBC008410E4 /* Debug */,
				85CC90B42AF43FBC008410E4 /* Release */,
			);
			defaultConfigurationIsVisible = 0;
			defaultConfigurationName = Release;
		};
		85CC90B52AF43FBC008410E4 /* Build configuration list for PBXNativeTarget "NimbleAppTests" */ = {
			isa = XCConfigurationList;
			buildConfigurations = (
				85CC90B62AF43FBC008410E4 /* Debug */,
				85CC90B72AF43FBC008410E4 /* Release */,
			);
			defaultConfigurationIsVisible = 0;
			defaultConfigurationName = Release;
		};
/* End XCConfigurationList section */

/* Begin XCRemoteSwiftPackageReference section */
		85A0AEA02AF8B46700427112 /* XCRemoteSwiftPackageReference "Alamofire" */ = {
			isa = XCRemoteSwiftPackageReference;
			repositoryURL = "https://github.com/Alamofire/Alamofire.git";
			requirement = {
				kind = upToNextMajorVersion;
				minimumVersion = 5.8.1;
			};
		};
/* End XCRemoteSwiftPackageReference section */

/* Begin XCSwiftPackageProductDependency section */
		85A0AEA12AF8B46700427112 /* Alamofire */ = {
			isa = XCSwiftPackageProductDependency;
			package = 85A0AEA02AF8B46700427112 /* XCRemoteSwiftPackageReference "Alamofire" */;
			productName = Alamofire;
		};
/* End XCSwiftPackageProductDependency section */

/* Begin XCVersionGroup section */
		85CC90972AF43FBC008410E4 /* NimbleApp.xcdatamodeld */ = {
			isa = XCVersionGroup;
			children = (
				85CC90982AF43FBC008410E4 /* NimbleApp.xcdatamodel */,
			);
			currentVersion = 85CC90982AF43FBC008410E4 /* NimbleApp.xcdatamodel */;
			path = NimbleApp.xcdatamodeld;
			sourceTree = "<group>";
			versionGroupType = wrapper.xcdatamodel;
		};
/* End XCVersionGroup section */
	};
	rootObject = 85CC90812AF43FBB008410E4 /* Project object */;
}
